<?xml version="1.0" encoding="utf-8"?>
<Project ToolsVersion="4.0" xmlns="http://schemas.microsoft.com/developer/msbuild/2003">
  <ItemGroup>
    <Filter Include="Quelldateien">
      <UniqueIdentifier>{4FC737F1-C7A5-4376-A066-2A32D752A2FF}</UniqueIdentifier>
      <Extensions>cpp;c;cc;cxx;def;odl;idl;hpj;bat;asm;asmx</Extensions>
    </Filter>
    <Filter Include="Headerdateien">
      <UniqueIdentifier>{93995380-89BD-4b04-88EB-625FBE52EBFB}</UniqueIdentifier>
      <Extensions>h;hh;hpp;hxx;hm;inl;inc;ipp;xsd</Extensions>
    </Filter>
    <Filter Include="Ressourcendateien">
      <UniqueIdentifier>{67DA6AB6-F800-4c08-8B7A-83BB121AAD01}</UniqueIdentifier>
      <Extensions>rc;ico;cur;bmp;dlg;rc2;rct;bin;rgs;gif;jpg;jpeg;jpe;resx;tiff;tif;png;wav;mfcribbon-ms</Extensions>
    </Filter>
    <Filter Include="Generierte Dateien">
      <UniqueIdentifier>{ab02ad5f-8f0b-45a1-8dea-20bf77500ada}</UniqueIdentifier>
      <Extensions>l;y</Extensions>
    </Filter>
  </ItemGroup>
  <ItemGroup>
    <ResourceCompile Include="lib\asn1\asn1_compile-version.rc">
      <Filter>Ressourcendateien</Filter>
    </ResourceCompile>
  </ItemGroup>
  <ItemGroup>
    <ClCompile Include="lib\asn1\gen.c">
      <Filter>Quelldateien</Filter>
    </ClCompile>
    <ClCompile Include="lib\asn1\gen_copy.c">
      <Filter>Quelldateien</Filter>
    </ClCompile>
    <ClCompile Include="lib\asn1\gen_decode.c">
      <Filter>Quelldateien</Filter>
    </ClCompile>
    <ClCompile Include="lib\asn1\gen_encode.c">
      <Filter>Quelldateien</Filter>
    </ClCompile>
    <ClCompile Include="lib\asn1\gen_free.c">
      <Filter>Quelldateien</Filter>
    </ClCompile>
    <ClCompile Include="lib\asn1\gen_glue.c">
      <Filter>Quelldateien</Filter>
    </ClCompile>
    <ClCompile Include="lib\asn1\gen_length.c">
      <Filter>Quelldateien</Filter>
    </ClCompile>
    <ClCompile Include="lib\asn1\gen_seq.c">
      <Filter>Quelldateien</Filter>
    </ClCompile>
    <ClCompile Include="lib\asn1\gen_template.c">
      <Filter>Quelldateien</Filter>
    </ClCompile>
    <ClCompile Include="lib\asn1\hash.c">
      <Filter>Quelldateien</Filter>
    </ClCompile>
    <ClCompile Include="lib\asn1\main.c">
      <Filter>Quelldateien</Filter>
    </ClCompile>
    <ClCompile Include="lib\asn1\symbol.c">
      <Filter>Quelldateien</Filter>
    </ClCompile>
    <ClCompile Include="$(IntDir)lex.c">
      <Filter>Quelldateien</Filter>
    </ClCompile>
    <ClCompile Include="$(IntDir)asn1parse.c">
      <Filter>Quelldateien</Filter>
    </ClCompile>
  </ItemGroup>
  <ItemGroup>
    <YaccFile Include="lib\asn1\asn1parse.y">
      <Filter>Generierte Dateien</Filter>
    </YaccFile>
  </ItemGroup>
  <ItemGroup>
    <LexFile Include="lib\asn1\lex.l">
      <Filter>Generierte Dateien</Filter>
    </LexFile>
  </ItemGroup>
  <ItemGroup>
    <ClInclude Include="$(IntDir)asn1parse.h">
      <Filter>Headerdateien</Filter>
    </ClInclude>
  </ItemGroup>
</Project>