
Microsoft Visual Studio Solution File, Format Version 12.00
# Visual Studio 15
VisualStudioVersion = 15.0.28307.1231
MinimumVisualStudioVersion = 10.0.40219.1
Project("{8BC9CEB8-8B4A-11D0-8D11-00A0C91BC942}") = "heimdal", "heimdal.vcxproj", "{A4AACB47-61E3-4B60-AE98-D52309AF673E}"
EndProject
Project("{8BC9CEB8-8B4A-11D0-8D11-00A0C91BC942}") = "libkrb5", "libkrb5.vcxproj", "{4ED22415-CCC6-4D2C-8F5F-D437B88040BB}"
	ProjectSection(ProjectDependencies) = postProject
		{3B63B346-FB69-423C-B4E4-EF51595A5CD8} = {3B63B346-FB69-423C-B4E4-EF51595A5CD8}
		{542A008C-C3DC-4BBA-828E-9E27B78551F0} = {542A008C-C3DC-4BBA-828E-9E27B78551F0}
	EndProjectSection
EndProject
Project("{8BC9CEB8-8B4A-11D0-8D11-00A0C91BC942}") = "libheimbase", "libheimbase.vcxproj", "{CE1042B2-0954-4C9F-BF35-A3DA1CE344C1}"
EndProject
Project("{8BC9CEB8-8B4A-11D0-8D11-00A0C91BC942}") = "libroken", "libroken.vcxproj", "{241D9C80-E6BE-418F-922A-9F8FEE086A8F}"
EndProject
Project("{2150E333-8FDC-42A3-9474-1A3956D46DE8}") = "bin", "bin", "{60507CF7-22F5-425D-91AE-F2AA8070D853}"
EndProject
Project("{2150E333-8FDC-42A3-9474-1A3956D46DE8}") = "lib", "lib", "{C6248DA2-D303-4889-A23A-5C4A5E2A624B}"
EndProject
Project("{8BC9CEB8-8B4A-11D0-8D11-00A0C91BC942}") = "heimtools", "heimtools.vcxproj", "{C57D9D66-DC11-48FD-94DE-8220822217E8}"
EndProject
Project("{8BC9CEB8-8B4A-11D0-8D11-00A0C91BC942}") = "kinit", "kinit.vcxproj", "{5663DB53-7CD2-4F89-86A2-660B963BB55C}"
EndProject
Project("{8BC9CEB8-8B4A-11D0-8D11-00A0C91BC942}") = "libasn1", "libasn1.vcxproj", "{3B63B346-FB69-423C-B4E4-EF51595A5CD8}"
	ProjectSection(ProjectDependencies) = postProject
		{32C40345-406A-4578-83F5-2192EAAE21D5} = {32C40345-406A-4578-83F5-2192EAAE21D5}
		{542A008C-C3DC-4BBA-828E-9E27B78551F0} = {542A008C-C3DC-4BBA-828E-9E27B78551F0}
	EndProjectSection
EndProject
Project("{8BC9CEB8-8B4A-11D0-8D11-00A0C91BC942}") = "libhcrypto", "libhcrypto.vcxproj", "{43542F04-79E4-4DE5-8917-8B4F3D21192B}"
EndProject
Project("{8BC9CEB8-8B4A-11D0-8D11-00A0C91BC942}") = "libheimdal", "libheimdal.vcxproj", "{EEFB7A46-E4FF-43AF-8894-57B4111C877F}"
EndProject
Project("{8BC9CEB8-8B4A-11D0-8D11-00A0C91BC942}") = "libhx509", "libhx509.vcxproj", "{67BA35DD-F324-4E57-B0BE-74697BE4D9B3}"
	ProjectSection(ProjectDependencies) = postProject
		{32C40345-406A-4578-83F5-2192EAAE21D5} = {32C40345-406A-4578-83F5-2192EAAE21D5}
		{3B63B346-FB69-423C-B4E4-EF51595A5CD8} = {3B63B346-FB69-423C-B4E4-EF51595A5CD8}
		{542A008C-C3DC-4BBA-828E-9E27B78551F0} = {542A008C-C3DC-4BBA-828E-9E27B78551F0}
	EndProjectSection
EndProject
Project("{8BC9CEB8-8B4A-11D0-8D11-00A0C91BC942}") = "libwind", "libwind.vcxproj", "{CA062C5E-D8FD-451B-8871-36B90614FD12}"
	ProjectSection(ProjectDependencies) = postProject
		{542A008C-C3DC-4BBA-828E-9E27B78551F0} = {542A008C-C3DC-4BBA-828E-9E27B78551F0}
	EndProjectSection
EndProject
Project("{8BC9CEB8-8B4A-11D0-8D11-00A0C91BC942}") = "libcom_err", "libcom_err.vcxproj", "{3E09C944-570C-4AFC-8C09-47B41BB34071}"
EndProject
Project("{8BC9CEB8-8B4A-11D0-8D11-00A0C91BC942}") = "libltm", "libltm.vcxproj", "{64251860-4965-438B-A973-28FC0BE4F537}"
EndProject
Project("{8BC9CEB8-8B4A-11D0-8D11-00A0C91BC942}") = "libsqlite", "libsqlite.vcxproj", "{11848093-B35B-43EA-A43C-2140CA3A4B60}"
EndProject
Project("{8BC9CEB8-8B4A-11D0-8D11-00A0C91BC942}") = "compile_et", "compile_et.vcxproj", "{542A008C-C3DC-4BBA-828E-9E27B78551F0}"
EndProject
Project("{8BC9CEB8-8B4A-11D0-8D11-00A0C91BC942}") = "libvers", "libvers.vcxproj", "{377A6054-AF38-4BB2-834F-0CB52371B3F4}"
EndProject
Project("{8BC9CEB8-8B4A-11D0-8D11-00A0C91BC942}") = "asn1_compile", "asn1_compile.vcxproj", "{32C40345-406A-4578-83F5-2192EAAE21D5}"
EndProject
Project("{2150E333-8FDC-42A3-9474-1A3956D46DE8}") = "plugin", "plugin", "{A998E5BA-DD5A-4ED8-AD86-B0C250E13E91}"
EndProject
Project("{8BC9CEB8-8B4A-11D0-8D11-00A0C91BC942}") = "libplugin_mslsa", "thirdparty\plugin\mslsa\libplugin_mslsa.vcxproj", "{A6D020AD-3A20-420D-9E2C-764324BD8076}"
EndProject
Global
	GlobalSection(SolutionConfigurationPlatforms) = preSolution
		Debug|x64 = Debug|x64
		Debug|x86 = Debug|x86
		Debug-Static|x64 = Debug-Static|x64
		Debug-Static|x86 = Debug-Static|x86
		Release|x64 = Release|x64
		Release|x86 = Release|x86
		Release-Static|x64 = Release-Static|x64
		Release-Static|x86 = Release-Static|x86
	EndGlobalSection
	GlobalSection(ProjectConfigurationPlatforms) = postSolution
		{A4AACB47-61E3-4B60-AE98-D52309AF673E}.Debug|x64.ActiveCfg = Debug|x64
		{A4AACB47-61E3-4B60-AE98-D52309AF673E}.Debug|x64.Build.0 = Debug|x64
		{A4AACB47-61E3-4B60-AE98-D52309AF673E}.Debug|x86.ActiveCfg = Debug|Win32
		{A4AACB47-61E3-4B60-AE98-D52309AF673E}.Debug|x86.Build.0 = Debug|Win32
		{A4AACB47-61E3-4B60-AE98-D52309AF673E}.Debug-Static|x64.ActiveCfg = Debug|x64
		{A4AACB47-61E3-4B60-AE98-D52309AF673E}.Debug-Static|x64.Build.0 = Debug|x64
		{A4AACB47-61E3-4B60-AE98-D52309AF673E}.Debug-Static|x86.ActiveCfg = Debug|Win32
		{A4AACB47-61E3-4B60-AE98-D52309AF673E}.Debug-Static|x86.Build.0 = Debug|Win32
		{A4AACB47-61E3-4B60-AE98-D52309AF673E}.Release|x64.ActiveCfg = Release|x64
		{A4AACB47-61E3-4B60-AE98-D52309AF673E}.Release|x64.Build.0 = Release|x64
		{A4AACB47-61E3-4B60-AE98-D52309AF673E}.Release|x86.ActiveCfg = Release|Win32
		{A4AACB47-61E3-4B60-AE98-D52309AF673E}.Release|x86.Build.0 = Release|Win32
		{A4AACB47-61E3-4B60-AE98-D52309AF673E}.Release-Static|x64.ActiveCfg = Release|x64
		{A4AACB47-61E3-4B60-AE98-D52309AF673E}.Release-Static|x64.Build.0 = Release|x64
		{A4AACB47-61E3-4B60-AE98-D52309AF673E}.Release-Static|x86.ActiveCfg = Release|Win32
		{A4AACB47-61E3-4B60-AE98-D52309AF673E}.Release-Static|x86.Build.0 = Release|Win32
		{4ED22415-CCC6-4D2C-8F5F-D437B88040BB}.Debug|x64.ActiveCfg = Debug|x64
		{4ED22415-CCC6-4D2C-8F5F-D437B88040BB}.Debug|x64.Build.0 = Debug|x64
		{4ED22415-CCC6-4D2C-8F5F-D437B88040BB}.Debug|x86.ActiveCfg = Debug|Win32
		{4ED22415-CCC6-4D2C-8F5F-D437B88040BB}.Debug|x86.Build.0 = Debug|Win32
		{4ED22415-CCC6-4D2C-8F5F-D437B88040BB}.Debug-Static|x64.ActiveCfg = Debug|x64
		{4ED22415-CCC6-4D2C-8F5F-D437B88040BB}.Debug-Static|x64.Build.0 = Debug|x64
		{4ED22415-CCC6-4D2C-8F5F-D437B88040BB}.Debug-Static|x86.ActiveCfg = Debug|Win32
		{4ED22415-CCC6-4D2C-8F5F-D437B88040BB}.Debug-Static|x86.Build.0 = Debug|Win32
		{4ED22415-CCC6-4D2C-8F5F-D437B88040BB}.Release|x64.ActiveCfg = Release|x64
		{4ED22415-CCC6-4D2C-8F5F-D437B88040BB}.Release|x64.Build.0 = Release|x64
		{4ED22415-CCC6-4D2C-8F5F-D437B88040BB}.Release|x86.ActiveCfg = Release|Win32
		{4ED22415-CCC6-4D2C-8F5F-D437B88040BB}.Release|x86.Build.0 = Release|Win32
		{4ED22415-CCC6-4D2C-8F5F-D437B88040BB}.Release-Static|x64.ActiveCfg = Release|x64
		{4ED22415-CCC6-4D2C-8F5F-D437B88040BB}.Release-Static|x64.Build.0 = Release|x64
		{4ED22415-CCC6-4D2C-8F5F-D437B88040BB}.Release-Static|x86.ActiveCfg = Release|Win32
		{4ED22415-CCC6-4D2C-8F5F-D437B88040BB}.Release-Static|x86.Build.0 = Release|Win32
		{CE1042B2-0954-4C9F-BF35-A3DA1CE344C1}.Debug|x64.ActiveCfg = Debug|x64
		{CE1042B2-0954-4C9F-BF35-A3DA1CE344C1}.Debug|x64.Build.0 = Debug|x64
		{CE1042B2-0954-4C9F-BF35-A3DA1CE344C1}.Debug|x86.ActiveCfg = Debug|Win32
		{CE1042B2-0954-4C9F-BF35-A3DA1CE344C1}.Debug|x86.Build.0 = Debug|Win32
		{CE1042B2-0954-4C9F-BF35-A3DA1CE344C1}.Debug-Static|x64.ActiveCfg = Debug|x64
		{CE1042B2-0954-4C9F-BF35-A3DA1CE344C1}.Debug-Static|x64.Build.0 = Debug|x64
		{CE1042B2-0954-4C9F-BF35-A3DA1CE344C1}.Debug-Static|x86.ActiveCfg = Debug|Win32
		{CE1042B2-0954-4C9F-BF35-A3DA1CE344C1}.Debug-Static|x86.Build.0 = Debug|Win32
		{CE1042B2-0954-4C9F-BF35-A3DA1CE344C1}.Release|x64.ActiveCfg = Release|x64
		{CE1042B2-0954-4C9F-BF35-A3DA1CE344C1}.Release|x64.Build.0 = Release|x64
		{CE1042B2-0954-4C9F-BF35-A3DA1CE344C1}.Release|x86.ActiveCfg = Release|Win32
		{CE1042B2-0954-4C9F-BF35-A3DA1CE344C1}.Release|x86.Build.0 = Release|Win32
		{CE1042B2-0954-4C9F-BF35-A3DA1CE344C1}.Release-Static|x64.ActiveCfg = Release|x64
		{CE1042B2-0954-4C9F-BF35-A3DA1CE344C1}.Release-Static|x64.Build.0 = Release|x64
		{CE1042B2-0954-4C9F-BF35-A3DA1CE344C1}.Release-Static|x86.ActiveCfg = Release|Win32
		{CE1042B2-0954-4C9F-BF35-A3DA1CE344C1}.Release-Static|x86.Build.0 = Release|Win32
		{241D9C80-E6BE-418F-922A-9F8FEE086A8F}.Debug|x64.ActiveCfg = Debug|x64
		{241D9C80-E6BE-418F-922A-9F8FEE086A8F}.Debug|x64.Build.0 = Debug|x64
		{241D9C80-E6BE-418F-922A-9F8FEE086A8F}.Debug|x86.ActiveCfg = Debug|Win32
		{241D9C80-E6BE-418F-922A-9F8FEE086A8F}.Debug|x86.Build.0 = Debug|Win32
		{241D9C80-E6BE-418F-922A-9F8FEE086A8F}.Debug-Static|x64.ActiveCfg = Debug|x64
		{241D9C80-E6BE-418F-922A-9F8FEE086A8F}.Debug-Static|x64.Build.0 = Debug|x64
		{241D9C80-E6BE-418F-922A-9F8FEE086A8F}.Debug-Static|x86.ActiveCfg = Debug|Win32
		{241D9C80-E6BE-418F-922A-9F8FEE086A8F}.Debug-Static|x86.Build.0 = Debug|Win32
		{241D9C80-E6BE-418F-922A-9F8FEE086A8F}.Release|x64.ActiveCfg = Release|x64
		{241D9C80-E6BE-418F-922A-9F8FEE086A8F}.Release|x64.Build.0 = Release|x64
		{241D9C80-E6BE-418F-922A-9F8FEE086A8F}.Release|x86.ActiveCfg = Release|Win32
		{241D9C80-E6BE-418F-922A-9F8FEE086A8F}.Release|x86.Build.0 = Release|Win32
		{241D9C80-E6BE-418F-922A-9F8FEE086A8F}.Release-Static|x64.ActiveCfg = Release|x64
		{241D9C80-E6BE-418F-922A-9F8FEE086A8F}.Release-Static|x64.Build.0 = Release|x64
		{241D9C80-E6BE-418F-922A-9F8FEE086A8F}.Release-Static|x86.ActiveCfg = Release|Win32
		{241D9C80-E6BE-418F-922A-9F8FEE086A8F}.Release-Static|x86.Build.0 = Release|Win32
		{C57D9D66-DC11-48FD-94DE-8220822217E8}.Debug|x64.ActiveCfg = Debug|x64
		{C57D9D66-DC11-48FD-94DE-8220822217E8}.Debug|x64.Build.0 = Debug|x64
		{C57D9D66-DC11-48FD-94DE-8220822217E8}.Debug|x86.ActiveCfg = Debug|Win32
		{C57D9D66-DC11-48FD-94DE-8220822217E8}.Debug|x86.Build.0 = Debug|Win32
		{C57D9D66-DC11-48FD-94DE-8220822217E8}.Debug-Static|x64.ActiveCfg = Debug|x64
		{C57D9D66-DC11-48FD-94DE-8220822217E8}.Debug-Static|x64.Build.0 = Debug|x64
		{C57D9D66-DC11-48FD-94DE-8220822217E8}.Debug-Static|x86.ActiveCfg = Debug|Win32
		{C57D9D66-DC11-48FD-94DE-8220822217E8}.Debug-Static|x86.Build.0 = Debug|Win32
		{C57D9D66-DC11-48FD-94DE-8220822217E8}.Release|x64.ActiveCfg = Release|x64
		{C57D9D66-DC11-48FD-94DE-8220822217E8}.Release|x64.Build.0 = Release|x64
		{C57D9D66-DC11-48FD-94DE-8220822217E8}.Release|x86.ActiveCfg = Release|Win32
		{C57D9D66-DC11-48FD-94DE-8220822217E8}.Release|x86.Build.0 = Release|Win32
		{C57D9D66-DC11-48FD-94DE-8220822217E8}.Release-Static|x64.ActiveCfg = Release|x64
		{C57D9D66-DC11-48FD-94DE-8220822217E8}.Release-Static|x64.Build.0 = Release|x64
		{C57D9D66-DC11-48FD-94DE-8220822217E8}.Release-Static|x86.ActiveCfg = Release|Win32
		{C57D9D66-DC11-48FD-94DE-8220822217E8}.Release-Static|x86.Build.0 = Release|Win32
		{5663DB53-7CD2-4F89-86A2-660B963BB55C}.Debug|x64.ActiveCfg = Debug|x64
		{5663DB53-7CD2-4F89-86A2-660B963BB55C}.Debug|x64.Build.0 = Debug|x64
		{5663DB53-7CD2-4F89-86A2-660B963BB55C}.Debug|x86.ActiveCfg = Debug|Win32
		{5663DB53-7CD2-4F89-86A2-660B963BB55C}.Debug|x86.Build.0 = Debug|Win32
		{5663DB53-7CD2-4F89-86A2-660B963BB55C}.Debug-Static|x64.ActiveCfg = Debug|x64
		{5663DB53-7CD2-4F89-86A2-660B963BB55C}.Debug-Static|x64.Build.0 = Debug|x64
		{5663DB53-7CD2-4F89-86A2-660B963BB55C}.Debug-Static|x86.ActiveCfg = Debug|Win32
		{5663DB53-7CD2-4F89-86A2-660B963BB55C}.Debug-Static|x86.Build.0 = Debug|Win32
		{5663DB53-7CD2-4F89-86A2-660B963BB55C}.Release|x64.ActiveCfg = Release|x64
		{5663DB53-7CD2-4F89-86A2-660B963BB55C}.Release|x64.Build.0 = Release|x64
		{5663DB53-7CD2-4F89-86A2-660B963BB55C}.Release|x86.ActiveCfg = Release|Win32
		{5663DB53-7CD2-4F89-86A2-660B963BB55C}.Release|x86.Build.0 = Release|Win32
		{5663DB53-7CD2-4F89-86A2-660B963BB55C}.Release-Static|x64.ActiveCfg = Release|x64
		{5663DB53-7CD2-4F89-86A2-660B963BB55C}.Release-Static|x64.Build.0 = Release|x64
		{5663DB53-7CD2-4F89-86A2-660B963BB55C}.Release-Static|x86.ActiveCfg = Release|Win32
		{5663DB53-7CD2-4F89-86A2-660B963BB55C}.Release-Static|x86.Build.0 = Release|Win32
		{3B63B346-FB69-423C-B4E4-EF51595A5CD8}.Debug|x64.ActiveCfg = Debug|x64
		{3B63B346-FB69-423C-B4E4-EF51595A5CD8}.Debug|x64.Build.0 = Debug|x64
		{3B63B346-FB69-423C-B4E4-EF51595A5CD8}.Debug|x86.ActiveCfg = Debug|Win32
		{3B63B346-FB69-423C-B4E4-EF51595A5CD8}.Debug|x86.Build.0 = Debug|Win32
		{3B63B346-FB69-423C-B4E4-EF51595A5CD8}.Debug-Static|x64.ActiveCfg = Debug|x64
		{3B63B346-FB69-423C-B4E4-EF51595A5CD8}.Debug-Static|x64.Build.0 = Debug|x64
		{3B63B346-FB69-423C-B4E4-EF51595A5CD8}.Debug-Static|x86.ActiveCfg = Debug|Win32
		{3B63B346-FB69-423C-B4E4-EF51595A5CD8}.Debug-Static|x86.Build.0 = Debug|Win32
		{3B63B346-FB69-423C-B4E4-EF51595A5CD8}.Release|x64.ActiveCfg = Release|x64
		{3B63B346-FB69-423C-B4E4-EF51595A5CD8}.Release|x64.Build.0 = Release|x64
		{3B63B346-FB69-423C-B4E4-EF51595A5CD8}.Release|x86.ActiveCfg = Release|Win32
		{3B63B346-FB69-423C-B4E4-EF51595A5CD8}.Release|x86.Build.0 = Release|Win32
		{3B63B346-FB69-423C-B4E4-EF51595A5CD8}.Release-Static|x64.ActiveCfg = Release|x64
		{3B63B346-FB69-423C-B4E4-EF51595A5CD8}.Release-Static|x64.Build.0 = Release|x64
		{3B63B346-FB69-423C-B4E4-EF51595A5CD8}.Release-Static|x86.ActiveCfg = Release|Win32
		{3B63B346-FB69-423C-B4E4-EF51595A5CD8}.Release-Static|x86.Build.0 = Release|Win32
		{43542F04-79E4-4DE5-8917-8B4F3D21192B}.Debug|x64.ActiveCfg = Debug|x64
		{43542F04-79E4-4DE5-8917-8B4F3D21192B}.Debug|x64.Build.0 = Debug|x64
		{43542F04-79E4-4DE5-8917-8B4F3D21192B}.Debug|x86.ActiveCfg = Debug|Win32
		{43542F04-79E4-4DE5-8917-8B4F3D21192B}.Debug|x86.Build.0 = Debug|Win32
		{43542F04-79E4-4DE5-8917-8B4F3D21192B}.Debug-Static|x64.ActiveCfg = Debug|x64
		{43542F04-79E4-4DE5-8917-8B4F3D21192B}.Debug-Static|x64.Build.0 = Debug|x64
		{43542F04-79E4-4DE5-8917-8B4F3D21192B}.Debug-Static|x86.ActiveCfg = Debug|Win32
		{43542F04-79E4-4DE5-8917-8B4F3D21192B}.Debug-Static|x86.Build.0 = Debug|Win32
		{43542F04-79E4-4DE5-8917-8B4F3D21192B}.Release|x64.ActiveCfg = Release|x64
		{43542F04-79E4-4DE5-8917-8B4F3D21192B}.Release|x64.Build.0 = Release|x64
		{43542F04-79E4-4DE5-8917-8B4F3D21192B}.Release|x86.ActiveCfg = Release|Win32
		{43542F04-79E4-4DE5-8917-8B4F3D21192B}.Release|x86.Build.0 = Release|Win32
		{43542F04-79E4-4DE5-8917-8B4F3D21192B}.Release-Static|x64.ActiveCfg = Release|x64
		{43542F04-79E4-4DE5-8917-8B4F3D21192B}.Release-Static|x64.Build.0 = Release|x64
		{43542F04-79E4-4DE5-8917-8B4F3D21192B}.Release-Static|x86.ActiveCfg = Release|Win32
		{43542F04-79E4-4DE5-8917-8B4F3D21192B}.Release-Static|x86.Build.0 = Release|Win32
		{EEFB7A46-E4FF-43AF-8894-57B4111C877F}.Debug|x64.ActiveCfg = Debug|x64
		{EEFB7A46-E4FF-43AF-8894-57B4111C877F}.Debug|x64.Build.0 = Debug|x64
		{EEFB7A46-E4FF-43AF-8894-57B4111C877F}.Debug|x86.ActiveCfg = Debug|Win32
		{EEFB7A46-E4FF-43AF-8894-57B4111C877F}.Debug|x86.Build.0 = Debug|Win32
		{EEFB7A46-E4FF-43AF-8894-57B4111C877F}.Debug-Static|x64.ActiveCfg = Debug-Static|x64
		{EEFB7A46-E4FF-43AF-8894-57B4111C877F}.Debug-Static|x64.Build.0 = Debug-Static|x64
		{EEFB7A46-E4FF-43AF-8894-57B4111C877F}.Debug-Static|x86.ActiveCfg = Debug-Static|Win32
		{EEFB7A46-E4FF-43AF-8894-57B4111C877F}.Debug-Static|x86.Build.0 = Debug-Static|Win32
		{EEFB7A46-E4FF-43AF-8894-57B4111C877F}.Release|x64.ActiveCfg = Release|x64
		{EEFB7A46-E4FF-43AF-8894-57B4111C877F}.Release|x64.Build.0 = Release|x64
		{EEFB7A46-E4FF-43AF-8894-57B4111C877F}.Release|x86.ActiveCfg = Release|Win32
		{EEFB7A46-E4FF-43AF-8894-57B4111C877F}.Release|x86.Build.0 = Release|Win32
		{EEFB7A46-E4FF-43AF-8894-57B4111C877F}.Release-Static|x64.ActiveCfg = Release-Static|x64
		{EEFB7A46-E4FF-43AF-8894-57B4111C877F}.Release-Static|x64.Build.0 = Release-Static|x64
		{EEFB7A46-E4FF-43AF-8894-57B4111C877F}.Release-Static|x86.ActiveCfg = Release-Static|Win32
		{EEFB7A46-E4FF-43AF-8894-57B4111C877F}.Release-Static|x86.Build.0 = Release-Static|Win32
		{67BA35DD-F324-4E57-B0BE-74697BE4D9B3}.Debug|x64.ActiveCfg = Debug|x64
		{67BA35DD-F324-4E57-B0BE-74697BE4D9B3}.Debug|x64.Build.0 = Debug|x64
		{67BA35DD-F324-4E57-B0BE-74697BE4D9B3}.Debug|x86.ActiveCfg = Debug|Win32
		{67BA35DD-F324-4E57-B0BE-74697BE4D9B3}.Debug|x86.Build.0 = Debug|Win32
		{67BA35DD-F324-4E57-B0BE-74697BE4D9B3}.Debug-Static|x64.ActiveCfg = Debug|x64
		{67BA35DD-F324-4E57-B0BE-74697BE4D9B3}.Debug-Static|x64.Build.0 = Debug|x64
		{67BA35DD-F324-4E57-B0BE-74697BE4D9B3}.Debug-Static|x86.ActiveCfg = Debug|Win32
		{67BA35DD-F324-4E57-B0BE-74697BE4D9B3}.Debug-Static|x86.Build.0 = Debug|Win32
		{67BA35DD-F324-4E57-B0BE-74697BE4D9B3}.Release|x64.ActiveCfg = Release|x64
		{67BA35DD-F324-4E57-B0BE-74697BE4D9B3}.Release|x64.Build.0 = Release|x64
		{67BA35DD-F324-4E57-B0BE-74697BE4D9B3}.Release|x86.ActiveCfg = Release|Win32
		{67BA35DD-F324-4E57-B0BE-74697BE4D9B3}.Release|x86.Build.0 = Release|Win32
		{67BA35DD-F324-4E57-B0BE-74697BE4D9B3}.Release-Static|x64.ActiveCfg = Release|x64
		{67BA35DD-F324-4E57-B0BE-74697BE4D9B3}.Release-Static|x64.Build.0 = Release|x64
		{67BA35DD-F324-4E57-B0BE-74697BE4D9B3}.Release-Static|x86.ActiveCfg = Release|Win32
		{67BA35DD-F324-4E57-B0BE-74697BE4D9B3}.Release-Static|x86.Build.0 = Release|Win32
		{CA062C5E-D8FD-451B-8871-36B90614FD12}.Debug|x64.ActiveCfg = Debug|x64
		{CA062C5E-D8FD-451B-8871-36B90614FD12}.Debug|x64.Build.0 = Debug|x64
		{CA062C5E-D8FD-451B-8871-36B90614FD12}.Debug|x86.ActiveCfg = Debug|Win32
		{CA062C5E-D8FD-451B-8871-36B90614FD12}.Debug|x86.Build.0 = Debug|Win32
		{CA062C5E-D8FD-451B-8871-36B90614FD12}.Debug-Static|x64.ActiveCfg = Debug|x64
		{CA062C5E-D8FD-451B-8871-36B90614FD12}.Debug-Static|x64.Build.0 = Debug|x64
		{CA062C5E-D8FD-451B-8871-36B90614FD12}.Debug-Static|x86.ActiveCfg = Debug|Win32
		{CA062C5E-D8FD-451B-8871-36B90614FD12}.Debug-Static|x86.Build.0 = Debug|Win32
		{CA062C5E-D8FD-451B-8871-36B90614FD12}.Release|x64.ActiveCfg = Release|x64
		{CA062C5E-D8FD-451B-8871-36B90614FD12}.Release|x64.Build.0 = Release|x64
		{CA062C5E-D8FD-451B-8871-36B90614FD12}.Release|x86.ActiveCfg = Release|Win32
		{CA062C5E-D8FD-451B-8871-36B90614FD12}.Release|x86.Build.0 = Release|Win32
		{CA062C5E-D8FD-451B-8871-36B90614FD12}.Release-Static|x64.ActiveCfg = Release|x64
		{CA062C5E-D8FD-451B-8871-36B90614FD12}.Release-Static|x64.Build.0 = Release|x64
		{CA062C5E-D8FD-451B-8871-36B90614FD12}.Release-Static|x86.ActiveCfg = Release|Win32
		{CA062C5E-D8FD-451B-8871-36B90614FD12}.Release-Static|x86.Build.0 = Release|Win32
		{3E09C944-570C-4AFC-8C09-47B41BB34071}.Debug|x64.ActiveCfg = Debug|x64
		{3E09C944-570C-4AFC-8C09-47B41BB34071}.Debug|x64.Build.0 = Debug|x64
		{3E09C944-570C-4AFC-8C09-47B41BB34071}.Debug|x86.ActiveCfg = Debug|Win32
		{3E09C944-570C-4AFC-8C09-47B41BB34071}.Debug|x86.Build.0 = Debug|Win32
		{3E09C944-570C-4AFC-8C09-47B41BB34071}.Debug-Static|x64.ActiveCfg = Debug-Static|x64
		{3E09C944-570C-4AFC-8C09-47B41BB34071}.Debug-Static|x64.Build.0 = Debug-Static|x64
		{3E09C944-570C-4AFC-8C09-47B41BB34071}.Debug-Static|x86.ActiveCfg = Debug-Static|Win32
		{3E09C944-570C-4AFC-8C09-47B41BB34071}.Debug-Static|x86.Build.0 = Debug-Static|Win32
		{3E09C944-570C-4AFC-8C09-47B41BB34071}.Release|x64.ActiveCfg = Release|x64
		{3E09C944-570C-4AFC-8C09-47B41BB34071}.Release|x64.Build.0 = Release|x64
		{3E09C944-570C-4AFC-8C09-47B41BB34071}.Release|x86.ActiveCfg = Release|Win32
		{3E09C944-570C-4AFC-8C09-47B41BB34071}.Release|x86.Build.0 = Release|Win32
		{3E09C944-570C-4AFC-8C09-47B41BB34071}.Release-Static|x64.ActiveCfg = Release-Static|x64
		{3E09C944-570C-4AFC-8C09-47B41BB34071}.Release-Static|x64.Build.0 = Release-Static|x64
		{3E09C944-570C-4AFC-8C09-47B41BB34071}.Release-Static|x86.ActiveCfg = Release-Static|Win32
		{3E09C944-570C-4AFC-8C09-47B41BB34071}.Release-Static|x86.Build.0 = Release-Static|Win32
		{64251860-4965-438B-A973-28FC0BE4F537}.Debug|x64.ActiveCfg = Debug|x64
		{64251860-4965-438B-A973-28FC0BE4F537}.Debug|x64.Build.0 = Debug|x64
		{64251860-4965-438B-A973-28FC0BE4F537}.Debug|x86.ActiveCfg = Debug|Win32
		{64251860-4965-438B-A973-28FC0BE4F537}.Debug|x86.Build.0 = Debug|Win32
		{64251860-4965-438B-A973-28FC0BE4F537}.Debug-Static|x64.ActiveCfg = Debug|x64
		{64251860-4965-438B-A973-28FC0BE4F537}.Debug-Static|x64.Build.0 = Debug|x64
		{64251860-4965-438B-A973-28FC0BE4F537}.Debug-Static|x86.ActiveCfg = Debug|Win32
		{64251860-4965-438B-A973-28FC0BE4F537}.Debug-Static|x86.Build.0 = Debug|Win32
		{64251860-4965-438B-A973-28FC0BE4F537}.Release|x64.ActiveCfg = Release|x64
		{64251860-4965-438B-A973-28FC0BE4F537}.Release|x64.Build.0 = Release|x64
		{64251860-4965-438B-A973-28FC0BE4F537}.Release|x86.ActiveCfg = Release|Win32
		{64251860-4965-438B-A973-28FC0BE4F537}.Release|x86.Build.0 = Release|Win32
		{64251860-4965-438B-A973-28FC0BE4F537}.Release-Static|x64.ActiveCfg = Release|x64
		{64251860-4965-438B-A973-28FC0BE4F537}.Release-Static|x64.Build.0 = Release|x64
		{64251860-4965-438B-A973-28FC0BE4F537}.Release-Static|x86.ActiveCfg = Release|Win32
		{64251860-4965-438B-A973-28FC0BE4F537}.Release-Static|x86.Build.0 = Release|Win32
		{11848093-B35B-43EA-A43C-2140CA3A4B60}.Debug|x64.ActiveCfg = Debug|x64
		{11848093-B35B-43EA-A43C-2140CA3A4B60}.Debug|x64.Build.0 = Debug|x64
		{11848093-B35B-43EA-A43C-2140CA3A4B60}.Debug|x86.ActiveCfg = Debug|Win32
		{11848093-B35B-43EA-A43C-2140CA3A4B60}.Debug|x86.Build.0 = Debug|Win32
		{11848093-B35B-43EA-A43C-2140CA3A4B60}.Debug-Static|x64.ActiveCfg = Debug|x64
		{11848093-B35B-43EA-A43C-2140CA3A4B60}.Debug-Static|x64.Build.0 = Debug|x64
		{11848093-B35B-43EA-A43C-2140CA3A4B60}.Debug-Static|x86.ActiveCfg = Debug|Win32
		{11848093-B35B-43EA-A43C-2140CA3A4B60}.Debug-Static|x86.Build.0 = Debug|Win32
		{11848093-B35B-43EA-A43C-2140CA3A4B60}.Release|x64.ActiveCfg = Release|x64
		{11848093-B35B-43EA-A43C-2140CA3A4B60}.Release|x64.Build.0 = Release|x64
		{11848093-B35B-43EA-A43C-2140CA3A4B60}.Release|x86.ActiveCfg = Release|Win32
		{11848093-B35B-43EA-A43C-2140CA3A4B60}.Release|x86.Build.0 = Release|Win32
		{11848093-B35B-43EA-A43C-2140CA3A4B60}.Release-Static|x64.ActiveCfg = Release|x64
		{11848093-B35B-43EA-A43C-2140CA3A4B60}.Release-Static|x64.Build.0 = Release|x64
		{11848093-B35B-43EA-A43C-2140CA3A4B60}.Release-Static|x86.ActiveCfg = Release|Win32
		{11848093-B35B-43EA-A43C-2140CA3A4B60}.Release-Static|x86.Build.0 = Release|Win32
		{542A008C-C3DC-4BBA-828E-9E27B78551F0}.Debug|x64.ActiveCfg = Debug|x64
		{542A008C-C3DC-4BBA-828E-9E27B78551F0}.Debug|x64.Build.0 = Debug|x64
		{542A008C-C3DC-4BBA-828E-9E27B78551F0}.Debug|x86.ActiveCfg = Debug|Win32
		{542A008C-C3DC-4BBA-828E-9E27B78551F0}.Debug|x86.Build.0 = Debug|Win32
		{542A008C-C3DC-4BBA-828E-9E27B78551F0}.Debug-Static|x64.ActiveCfg = Debug|x64
		{542A008C-C3DC-4BBA-828E-9E27B78551F0}.Debug-Static|x64.Build.0 = Debug|x64
		{542A008C-C3DC-4BBA-828E-9E27B78551F0}.Debug-Static|x86.ActiveCfg = Debug|Win32
		{542A008C-C3DC-4BBA-828E-9E27B78551F0}.Debug-Static|x86.Build.0 = Debug|Win32
		{542A008C-C3DC-4BBA-828E-9E27B78551F0}.Release|x64.ActiveCfg = Release|x64
		{542A008C-C3DC-4BBA-828E-9E27B78551F0}.Release|x64.Build.0 = Release|x64
		{542A008C-C3DC-4BBA-828E-9E27B78551F0}.Release|x86.ActiveCfg = Release|Win32
		{542A008C-C3DC-4BBA-828E-9E27B78551F0}.Release|x86.Build.0 = Release|Win32
		{542A008C-C3DC-4BBA-828E-9E27B78551F0}.Release-Static|x64.ActiveCfg = Release|x64
		{542A008C-C3DC-4BBA-828E-9E27B78551F0}.Release-Static|x64.Build.0 = Release|x64
		{542A008C-C3DC-4BBA-828E-9E27B78551F0}.Release-Static|x86.ActiveCfg = Release|Win32
		{542A008C-C3DC-4BBA-828E-9E27B78551F0}.Release-Static|x86.Build.0 = Release|Win32
		{377A6054-AF38-4BB2-834F-0CB52371B3F4}.Debug|x64.ActiveCfg = Debug|x64
		{377A6054-AF38-4BB2-834F-0CB52371B3F4}.Debug|x64.Build.0 = Debug|x64
		{377A6054-AF38-4BB2-834F-0CB52371B3F4}.Debug|x86.ActiveCfg = Debug|Win32
		{377A6054-AF38-4BB2-834F-0CB52371B3F4}.Debug|x86.Build.0 = Debug|Win32
		{377A6054-AF38-4BB2-834F-0CB52371B3F4}.Debug-Static|x64.ActiveCfg = Debug|x64
		{377A6054-AF38-4BB2-834F-0CB52371B3F4}.Debug-Static|x64.Build.0 = Debug|x64
		{377A6054-AF38-4BB2-834F-0CB52371B3F4}.Debug-Static|x86.ActiveCfg = Debug|Win32
		{377A6054-AF38-4BB2-834F-0CB52371B3F4}.Debug-Static|x86.Build.0 = Debug|Win32
		{377A6054-AF38-4BB2-834F-0CB52371B3F4}.Release|x64.ActiveCfg = Release|x64
		{377A6054-AF38-4BB2-834F-0CB52371B3F4}.Release|x64.Build.0 = Release|x64
		{377A6054-AF38-4BB2-834F-0CB52371B3F4}.Release|x86.ActiveCfg = Release|Win32
		{377A6054-AF38-4BB2-834F-0CB52371B3F4}.Release|x86.Build.0 = Release|Win32
		{377A6054-AF38-4BB2-834F-0CB52371B3F4}.Release-Static|x64.ActiveCfg = Release|x64
		{377A6054-AF38-4BB2-834F-0CB52371B3F4}.Release-Static|x64.Build.0 = Release|x64
		{377A6054-AF38-4BB2-834F-0CB52371B3F4}.Release-Static|x86.ActiveCfg = Release|Win32
		{377A6054-AF38-4BB2-834F-0CB52371B3F4}.Release-Static|x86.Build.0 = Release|Win32
		{32C40345-406A-4578-83F5-2192EAAE21D5}.Debug|x64.ActiveCfg = Debug|x64
		{32C40345-406A-4578-83F5-2192EAAE21D5}.Debug|x64.Build.0 = Debug|x64
		{32C40345-406A-4578-83F5-2192EAAE21D5}.Debug|x86.ActiveCfg = Debug|Win32
		{32C40345-406A-4578-83F5-2192EAAE21D5}.Debug|x86.Build.0 = Debug|Win32
		{32C40345-406A-4578-83F5-2192EAAE21D5}.Debug-Static|x64.ActiveCfg = Debug|x64
		{32C40345-406A-4578-83F5-2192EAAE21D5}.Debug-Static|x64.Build.0 = Debug|x64
		{32C40345-406A-4578-83F5-2192EAAE21D5}.Debug-Static|x86.ActiveCfg = Debug|Win32
		{32C40345-406A-4578-83F5-2192EAAE21D5}.Debug-Static|x86.Build.0 = Debug|Win32
		{32C40345-406A-4578-83F5-2192EAAE21D5}.Release|x64.ActiveCfg = Release|x64
		{32C40345-406A-4578-83F5-2192EAAE21D5}.Release|x64.Build.0 = Release|x64
		{32C40345-406A-4578-83F5-2192EAAE21D5}.Release|x86.ActiveCfg = Release|Win32
		{32C40345-406A-4578-83F5-2192EAAE21D5}.Release|x86.Build.0 = Release|Win32
		{32C40345-406A-4578-83F5-2192EAAE21D5}.Release-Static|x64.ActiveCfg = Release|x64
		{32C40345-406A-4578-83F5-2192EAAE21D5}.Release-Static|x64.Build.0 = Release|x64
		{32C40345-406A-4578-83F5-2192EAAE21D5}.Release-Static|x86.ActiveCfg = Release|Win32
		{32C40345-406A-4578-83F5-2192EAAE21D5}.Release-Static|x86.Build.0 = Release|Win32
		{A6D020AD-3A20-420D-9E2C-764324BD8076}.Debug|x64.ActiveCfg = Debug|x64
		{A6D020AD-3A20-420D-9E2C-764324BD8076}.Debug|x64.Build.0 = Debug|x64
		{A6D020AD-3A20-420D-9E2C-764324BD8076}.Debug|x86.ActiveCfg = Debug|Win32
		{A6D020AD-3A20-420D-9E2C-764324BD8076}.Debug|x86.Build.0 = Debug|Win32
		{A6D020AD-3A20-420D-9E2C-764324BD8076}.Debug-Static|x64.ActiveCfg = Debug|x64
		{A6D020AD-3A20-420D-9E2C-764324BD8076}.Debug-Static|x64.Build.0 = Debug|x64
		{A6D020AD-3A20-420D-9E2C-764324BD8076}.Debug-Static|x86.ActiveCfg = Debug|Win32
		{A6D020AD-3A20-420D-9E2C-764324BD8076}.Debug-Static|x86.Build.0 = Debug|Win32
		{A6D020AD-3A20-420D-9E2C-764324BD8076}.Release|x64.ActiveCfg = Release|x64
		{A6D020AD-3A20-420D-9E2C-764324BD8076}.Release|x64.Build.0 = Release|x64
		{A6D020AD-3A20-420D-9E2C-764324BD8076}.Release|x86.ActiveCfg = Release|Win32
		{A6D020AD-3A20-420D-9E2C-764324BD8076}.Release|x86.Build.0 = Release|Win32
		{A6D020AD-3A20-420D-9E2C-764324BD8076}.Release-Static|x64.ActiveCfg = Release|x64
		{A6D020AD-3A20-420D-9E2C-764324BD8076}.Release-Static|x64.Build.0 = Release|x64
		{A6D020AD-3A20-420D-9E2C-764324BD8076}.Release-Static|x86.ActiveCfg = Release|Win32
		{A6D020AD-3A20-420D-9E2C-764324BD8076}.Release-Static|x86.Build.0 = Release|Win32
	EndGlobalSection
	GlobalSection(SolutionProperties) = preSolution
		HideSolutionNode = FALSE
	EndGlobalSection
	GlobalSection(NestedProjects) = preSolution
		{4ED22415-CCC6-4D2C-8F5F-D437B88040BB} = {C6248DA2-D303-4889-A23A-5C4A5E2A624B}
		{CE1042B2-0954-4C9F-BF35-A3DA1CE344C1} = {C6248DA2-D303-4889-A23A-5C4A5E2A624B}
		{241D9C80-E6BE-418F-922A-9F8FEE086A8F} = {C6248DA2-D303-4889-A23A-5C4A5E2A624B}
		{C57D9D66-DC11-48FD-94DE-8220822217E8} = {60507CF7-22F5-425D-91AE-F2AA8070D853}
		{5663DB53-7CD2-4F89-86A2-660B963BB55C} = {60507CF7-22F5-425D-91AE-F2AA8070D853}
		{3B63B346-FB69-423C-B4E4-EF51595A5CD8} = {C6248DA2-D303-4889-A23A-5C4A5E2A624B}
		{43542F04-79E4-4DE5-8917-8B4F3D21192B} = {C6248DA2-D303-4889-A23A-5C4A5E2A624B}
		{EEFB7A46-E4FF-43AF-8894-57B4111C877F} = {C6248DA2-D303-4889-A23A-5C4A5E2A624B}
		{67BA35DD-F324-4E57-B0BE-74697BE4D9B3} = {C6248DA2-D303-4889-A23A-5C4A5E2A624B}
		{CA062C5E-D8FD-451B-8871-36B90614FD12} = {C6248DA2-D303-4889-A23A-5C4A5E2A624B}
		{3E09C944-570C-4AFC-8C09-47B41BB34071} = {C6248DA2-D303-4889-A23A-5C4A5E2A624B}
		{64251860-4965-438B-A973-28FC0BE4F537} = {C6248DA2-D303-4889-A23A-5C4A5E2A624B}
		{11848093-B35B-43EA-A43C-2140CA3A4B60} = {C6248DA2-D303-4889-A23A-5C4A5E2A624B}
		{542A008C-C3DC-4BBA-828E-9E27B78551F0} = {60507CF7-22F5-425D-91AE-F2AA8070D853}
		{377A6054-AF38-4BB2-834F-0CB52371B3F4} = {C6248DA2-D303-4889-A23A-5C4A5E2A624B}
		{32C40345-406A-4578-83F5-2192EAAE21D5} = {60507CF7-22F5-425D-91AE-F2AA8070D853}
		{A6D020AD-3A20-420D-9E2C-764324BD8076} = {A998E5BA-DD5A-4ED8-AD86-B0C250E13E91}
	EndGlobalSection
	GlobalSection(ExtensibilityGlobals) = postSolution
		SolutionGuid = {975F7C75-5FA1-4C91-A3E5-622E41B91715}
	EndGlobalSection
EndGlobal
