<?xml version="1.0" encoding="utf-8"?>
<Project ToolsVersion="4.0" xmlns="http://schemas.microsoft.com/developer/msbuild/2003">
  <ItemGroup>
    <Filter Include="Source Files">
      <UniqueIdentifier>{4FC737F1-C7A5-4376-A066-2A32D752A2FF}</UniqueIdentifier>
      <Extensions>cpp;c;cc;cxx;def;odl;idl;hpj;bat;asm;asmx</Extensions>
    </Filter>
    <Filter Include="Header Files">
      <UniqueIdentifier>{93995380-89BD-4b04-88EB-625FBE52EBFB}</UniqueIdentifier>
      <Extensions>h;hh;hpp;hxx;hm;inl;inc;xsd</Extensions>
    </Filter>
    <Filter Include="Resource Files">
      <UniqueIdentifier>{67DA6AB6-F800-4c08-8B7A-83BB121AAD01}</UniqueIdentifier>
      <Extensions>rc;ico;cur;bmp;dlg;rc2;rct;bin;rgs;gif;jpg;jpeg;jpe;resx;tiff;tif;png;wav</Extensions>
    </Filter>
  </ItemGroup>
  <ItemGroup>
    <ClCompile Include="lib\hcrypto\aes.c">
      <Filter>Source Files</Filter>
    </ClCompile>
    <ClCompile Include="lib\hcrypto\bn.c">
      <Filter>Source Files</Filter>
    </ClCompile>
    <ClCompile Include="lib\hcrypto\camellia-ntt.c">
      <Filter>Source Files</Filter>
    </ClCompile>
    <ClCompile Include="lib\hcrypto\camellia.c">
      <Filter>Source Files</Filter>
    </ClCompile>
    <ClCompile Include="lib\hcrypto\common.c">
      <Filter>Source Files</Filter>
    </ClCompile>
    <ClCompile Include="lib\hcrypto\des.c">
      <Filter>Source Files</Filter>
    </ClCompile>
    <ClCompile Include="lib\hcrypto\dh-ltm.c">
      <Filter>Source Files</Filter>
    </ClCompile>
    <ClCompile Include="lib\hcrypto\dh-tfm.c">
      <Filter>Source Files</Filter>
    </ClCompile>
    <ClCompile Include="lib\hcrypto\dh.c">
      <Filter>Source Files</Filter>
    </ClCompile>
    <ClCompile Include="lib\hcrypto\dsa.c">
      <Filter>Source Files</Filter>
    </ClCompile>
    <ClCompile Include="lib\hcrypto\engine.c">
      <Filter>Source Files</Filter>
    </ClCompile>
    <ClCompile Include="lib\hcrypto\evp-cc.c">
      <Filter>Source Files</Filter>
    </ClCompile>
    <ClCompile Include="lib\hcrypto\evp-hcrypto.c">
      <Filter>Source Files</Filter>
    </ClCompile>
    <ClCompile Include="lib\hcrypto\evp-openssl.c">
      <Filter>Source Files</Filter>
    </ClCompile>
    <ClCompile Include="lib\hcrypto\evp-pkcs11.c">
      <Filter>Source Files</Filter>
    </ClCompile>
    <ClCompile Include="lib\hcrypto\evp-w32.c">
      <Filter>Source Files</Filter>
    </ClCompile>
    <ClCompile Include="lib\hcrypto\evp.c">
      <Filter>Source Files</Filter>
    </ClCompile>
    <ClCompile Include="lib\hcrypto\hmac.c">
      <Filter>Source Files</Filter>
    </ClCompile>
    <ClCompile Include="lib\hcrypto\md2.c">
      <Filter>Source Files</Filter>
    </ClCompile>
    <ClCompile Include="lib\hcrypto\md4.c">
      <Filter>Source Files</Filter>
    </ClCompile>
    <ClCompile Include="lib\hcrypto\md5.c">
      <Filter>Source Files</Filter>
    </ClCompile>
    <ClCompile Include="lib\hcrypto\pkcs12.c">
      <Filter>Source Files</Filter>
    </ClCompile>
    <ClCompile Include="lib\hcrypto\pkcs5.c">
      <Filter>Source Files</Filter>
    </ClCompile>
    <ClCompile Include="lib\hcrypto\rand-w32.c">
      <Filter>Source Files</Filter>
    </ClCompile>
    <ClCompile Include="lib\hcrypto\rand.c">
      <Filter>Source Files</Filter>
    </ClCompile>
    <ClCompile Include="lib\hcrypto\rc2.c">
      <Filter>Source Files</Filter>
    </ClCompile>
    <ClCompile Include="lib\hcrypto\rc4.c">
      <Filter>Source Files</Filter>
    </ClCompile>
    <ClCompile Include="lib\hcrypto\rctest.c">
      <Filter>Source Files</Filter>
    </ClCompile>
    <ClCompile Include="lib\hcrypto\rijndael-alg-fst.c">
      <Filter>Source Files</Filter>
    </ClCompile>
    <ClCompile Include="lib\hcrypto\rnd_keys.c">
      <Filter>Source Files</Filter>
    </ClCompile>
    <ClCompile Include="lib\hcrypto\rsa-gmp.c">
      <Filter>Source Files</Filter>
    </ClCompile>
    <ClCompile Include="lib\hcrypto\rsa-ltm.c">
      <Filter>Source Files</Filter>
    </ClCompile>
    <ClCompile Include="lib\hcrypto\rsa-tfm.c">
      <Filter>Source Files</Filter>
    </ClCompile>
    <ClCompile Include="lib\hcrypto\rsa.c">
      <Filter>Source Files</Filter>
    </ClCompile>
    <ClCompile Include="lib\hcrypto\sha.c">
      <Filter>Source Files</Filter>
    </ClCompile>
    <ClCompile Include="lib\hcrypto\sha256.c">
      <Filter>Source Files</Filter>
    </ClCompile>
    <ClCompile Include="lib\hcrypto\sha512.c">
      <Filter>Source Files</Filter>
    </ClCompile>
    <ClCompile Include="lib\hcrypto\ui.c">
      <Filter>Source Files</Filter>
    </ClCompile>
    <ClCompile Include="lib\hcrypto\validate.c">
      <Filter>Source Files</Filter>
    </ClCompile>
    <ClCompile Include="lib\hcrypto\evp-wincng.c">
      <Filter>Source Files</Filter>
    </ClCompile>
  </ItemGroup>
  <ItemGroup>
    <ClInclude Include="lib\hcrypto\aes.h">
      <Filter>Header Files</Filter>
    </ClInclude>
    <ClInclude Include="lib\hcrypto\bn.h">
      <Filter>Header Files</Filter>
    </ClInclude>
    <ClInclude Include="lib\hcrypto\des.h">
      <Filter>Header Files</Filter>
    </ClInclude>
    <ClInclude Include="lib\hcrypto\dh.h">
      <Filter>Header Files</Filter>
    </ClInclude>
    <ClInclude Include="lib\hcrypto\dsa.h">
      <Filter>Header Files</Filter>
    </ClInclude>
    <ClInclude Include="lib\hcrypto\ec.h">
      <Filter>Header Files</Filter>
    </ClInclude>
    <ClInclude Include="lib\hcrypto\ecdh.h">
      <Filter>Header Files</Filter>
    </ClInclude>
    <ClInclude Include="lib\hcrypto\ecdsa.h">
      <Filter>Header Files</Filter>
    </ClInclude>
    <ClInclude Include="lib\hcrypto\engine.h">
      <Filter>Header Files</Filter>
    </ClInclude>
    <ClInclude Include="lib\hcrypto\evp-cc.h">
      <Filter>Header Files</Filter>
    </ClInclude>
    <ClInclude Include="lib\hcrypto\evp-hcrypto.h">
      <Filter>Header Files</Filter>
    </ClInclude>
    <ClInclude Include="lib\hcrypto\evp-openssl.h">
      <Filter>Header Files</Filter>
    </ClInclude>
    <ClInclude Include="lib\hcrypto\evp-pkcs11.h">
      <Filter>Header Files</Filter>
    </ClInclude>
    <ClInclude Include="lib\hcrypto\evp-w32.h">
      <Filter>Header Files</Filter>
    </ClInclude>
    <ClInclude Include="lib\hcrypto\evp-wincng.h">
      <Filter>Header Files</Filter>
    </ClInclude>
    <ClInclude Include="lib\hcrypto\evp.h">
      <Filter>Header Files</Filter>
    </ClInclude>
    <ClInclude Include="lib\hcrypto\hmac.h">
      <Filter>Header Files</Filter>
    </ClInclude>
    <ClInclude Include="lib\hcrypto\md2.h">
      <Filter>Header Files</Filter>
    </ClInclude>
    <ClInclude Include="lib\hcrypto\md4.h">
      <Filter>Header Files</Filter>
    </ClInclude>
    <ClInclude Include="lib\hcrypto\md5.h">
      <Filter>Header Files</Filter>
    </ClInclude>
    <ClInclude Include="lib\hcrypto\pkcs12.h">
      <Filter>Header Files</Filter>
    </ClInclude>
    <ClInclude Include="lib\hcrypto\rand.h">
      <Filter>Header Files</Filter>
    </ClInclude>
    <ClInclude Include="lib\hcrypto\randi.h">
      <Filter>Header Files</Filter>
    </ClInclude>
    <ClInclude Include="lib\hcrypto\rc2.h">
      <Filter>Header Files</Filter>
    </ClInclude>
    <ClInclude Include="lib\hcrypto\rc4.h">
      <Filter>Header Files</Filter>
    </ClInclude>
    <ClInclude Include="lib\hcrypto\rsa.h">
      <Filter>Header Files</Filter>
    </ClInclude>
    <ClInclude Include="lib\hcrypto\sha.h">
      <Filter>Header Files</Filter>
    </ClInclude>
    <ClInclude Include="lib\hcrypto\ui.h">
      <Filter>Header Files</Filter>
    </ClInclude>
    <ClInclude Include="lib\hcrypto\undef.h">
      <Filter>Header Files</Filter>
    </ClInclude>
  </ItemGroup>
  <ItemGroup>
    <None Include="lib\hcrypto\libhcrypto-exports.def">
      <Filter>Source Files</Filter>
    </None>
  </ItemGroup>
</Project>