<?xml version="1.0" encoding="utf-8"?>
<Project ToolsVersion="4.0" xmlns="http://schemas.microsoft.com/developer/msbuild/2003">
  <ItemGroup>
    <Filter Include="Source Files">
      <UniqueIdentifier>{4FC737F1-C7A5-4376-A066-2A32D752A2FF}</UniqueIdentifier>
      <Extensions>cpp;c;cc;cxx;def;odl;idl;hpj;bat;asm;asmx</Extensions>
    </Filter>
    <Filter Include="Header Files">
      <UniqueIdentifier>{93995380-89BD-4b04-88EB-625FBE52EBFB}</UniqueIdentifier>
      <Extensions>h;hh;hpp;hxx;hm;inl;inc;xsd</Extensions>
    </Filter>
    <Filter Include="Resource Files">
      <UniqueIdentifier>{67DA6AB6-F800-4c08-8B7A-83BB121AAD01}</UniqueIdentifier>
      <Extensions>rc;ico;cur;bmp;dlg;rc2;rct;bin;rgs;gif;jpg;jpeg;jpe;resx;tiff;tif;png;wav</Extensions>
    </Filter>
    <Filter Include="Generierte Dateien">
      <UniqueIdentifier>{3c64810c-f3b8-4f14-b421-192b180125c4}</UniqueIdentifier>
      <Extensions>asn1;et;y;l</Extensions>
    </Filter>
  </ItemGroup>
  <ItemGroup>
    <ClCompile Include="lib\hx509\cert.c">
      <Filter>Source Files</Filter>
    </ClCompile>
    <ClCompile Include="lib\hx509\cms.c">
      <Filter>Source Files</Filter>
    </ClCompile>
    <ClCompile Include="lib\hx509\collector.c">
      <Filter>Source Files</Filter>
    </ClCompile>
    <ClCompile Include="lib\hx509\crypto-ec.c">
      <Filter>Source Files</Filter>
    </ClCompile>
    <ClCompile Include="lib\hx509\crypto.c">
      <Filter>Source Files</Filter>
    </ClCompile>
    <ClCompile Include="lib\hx509\env.c">
      <Filter>Source Files</Filter>
    </ClCompile>
    <ClCompile Include="lib\hx509\error.c">
      <Filter>Source Files</Filter>
    </ClCompile>
    <ClCompile Include="lib\hx509\file.c">
      <Filter>Source Files</Filter>
    </ClCompile>
    <ClCompile Include="lib\hx509\keyset.c">
      <Filter>Source Files</Filter>
    </ClCompile>
    <ClCompile Include="lib\hx509\ks_dir.c">
      <Filter>Source Files</Filter>
    </ClCompile>
    <ClCompile Include="lib\hx509\ks_file.c">
      <Filter>Source Files</Filter>
    </ClCompile>
    <ClCompile Include="lib\hx509\ks_keychain.c">
      <Filter>Source Files</Filter>
    </ClCompile>
    <ClCompile Include="lib\hx509\ks_mem.c">
      <Filter>Source Files</Filter>
    </ClCompile>
    <ClCompile Include="lib\hx509\ks_null.c">
      <Filter>Source Files</Filter>
    </ClCompile>
    <ClCompile Include="lib\hx509\ks_p11.c">
      <Filter>Source Files</Filter>
    </ClCompile>
    <ClCompile Include="lib\hx509\ks_p12.c">
      <Filter>Source Files</Filter>
    </ClCompile>
    <ClCompile Include="lib\hx509\lock.c">
      <Filter>Source Files</Filter>
    </ClCompile>
    <ClCompile Include="lib\hx509\name.c">
      <Filter>Source Files</Filter>
    </ClCompile>
    <ClCompile Include="lib\hx509\peer.c">
      <Filter>Source Files</Filter>
    </ClCompile>
    <ClCompile Include="lib\hx509\print.c">
      <Filter>Source Files</Filter>
    </ClCompile>
    <ClCompile Include="lib\hx509\req.c">
      <Filter>Source Files</Filter>
    </ClCompile>
    <ClCompile Include="lib\hx509\revoke.c">
      <Filter>Source Files</Filter>
    </ClCompile>
    <ClCompile Include="lib\hx509\sel.c">
      <Filter>Source Files</Filter>
    </ClCompile>
    <ClCompile Include="lib\hx509\softp11.c">
      <Filter>Source Files</Filter>
    </ClCompile>
    <ClCompile Include="lib\hx509\ca.c">
      <Filter>Source Files</Filter>
    </ClCompile>
    <ClCompile Include="lib\hx509\cert.c">
      <Filter>Source Files</Filter>
    </ClCompile>
    <ClCompile Include="lib\hx509\cms.c">
      <Filter>Source Files</Filter>
    </ClCompile>
    <ClCompile Include="lib\hx509\collector.c">
      <Filter>Source Files</Filter>
    </ClCompile>
    <ClCompile Include="lib\hx509\crypto-ec.c">
      <Filter>Source Files</Filter>
    </ClCompile>
    <ClCompile Include="lib\hx509\crypto.c">
      <Filter>Source Files</Filter>
    </ClCompile>
    <ClCompile Include="lib\hx509\env.c">
      <Filter>Source Files</Filter>
    </ClCompile>
    <ClCompile Include="lib\hx509\error.c">
      <Filter>Source Files</Filter>
    </ClCompile>
    <ClCompile Include="lib\hx509\file.c">
      <Filter>Source Files</Filter>
    </ClCompile>
    <ClCompile Include="lib\hx509\keyset.c">
      <Filter>Source Files</Filter>
    </ClCompile>
    <ClCompile Include="lib\hx509\ks_dir.c">
      <Filter>Source Files</Filter>
    </ClCompile>
    <ClCompile Include="lib\hx509\ks_file.c">
      <Filter>Source Files</Filter>
    </ClCompile>
    <ClCompile Include="lib\hx509\ks_keychain.c">
      <Filter>Source Files</Filter>
    </ClCompile>
    <ClCompile Include="lib\hx509\ks_mem.c">
      <Filter>Source Files</Filter>
    </ClCompile>
    <ClCompile Include="lib\hx509\ks_null.c">
      <Filter>Source Files</Filter>
    </ClCompile>
    <ClCompile Include="lib\hx509\ks_p11.c">
      <Filter>Source Files</Filter>
    </ClCompile>
    <ClCompile Include="lib\hx509\ks_p12.c">
      <Filter>Source Files</Filter>
    </ClCompile>
    <ClCompile Include="lib\hx509\lock.c">
      <Filter>Source Files</Filter>
    </ClCompile>
    <ClCompile Include="lib\hx509\name.c">
      <Filter>Source Files</Filter>
    </ClCompile>
    <ClCompile Include="lib\hx509\peer.c">
      <Filter>Source Files</Filter>
    </ClCompile>
    <ClCompile Include="lib\hx509\print.c">
      <Filter>Source Files</Filter>
    </ClCompile>
    <ClCompile Include="lib\hx509\req.c">
      <Filter>Source Files</Filter>
    </ClCompile>
    <ClCompile Include="lib\hx509\revoke.c">
      <Filter>Source Files</Filter>
    </ClCompile>
    <ClCompile Include="lib\hx509\sel.c">
      <Filter>Source Files</Filter>
    </ClCompile>
    <ClCompile Include="lib\hx509\softp11.c">
      <Filter>Source Files</Filter>
    </ClCompile>
    <ClCompile Include="$(IntDir)asn1_ocsp_asn1.c">
      <Filter>Source Files</Filter>
    </ClCompile>
    <ClCompile Include="$(IntDir)asn1_pkcs10_asn1.c">
      <Filter>Source Files</Filter>
    </ClCompile>
    <ClCompile Include="$(IntDir)hx509_err.c">
      <Filter>Source Files</Filter>
    </ClCompile>
    <ClCompile Include="$(IntDir)sel-gram.c">
      <Filter>Source Files</Filter>
    </ClCompile>
    <ClCompile Include="$(IntDir)sel-lex.c">
      <Filter>Source Files</Filter>
    </ClCompile>
  </ItemGroup>
  <ItemGroup>
    <None Include="lib\hx509\libhx509-exports.def">
      <Filter>Source Files</Filter>
    </None>
  </ItemGroup>
  <ItemGroup>
    <ClInclude Include="lib\hx509\hx509.h">
      <Filter>Header Files</Filter>
    </ClInclude>
    <ClInclude Include="lib\hx509\hx_locl.h">
      <Filter>Header Files</Filter>
    </ClInclude>
    <ClInclude Include="lib\hx509\sel.h">
      <Filter>Header Files</Filter>
    </ClInclude>
    <ClInclude Include="lib\hx509\ref\pkcs11.h">
      <Filter>Header Files</Filter>
    </ClInclude>
    <ClInclude Include="lib\hx509\char_map.h">
      <Filter>Header Files</Filter>
    </ClInclude>
    <ClInclude Include="lib\hx509\hx509.h">
      <Filter>Header Files</Filter>
    </ClInclude>
    <ClInclude Include="lib\hx509\hx_locl.h">
      <Filter>Header Files</Filter>
    </ClInclude>
    <ClInclude Include="lib\hx509\sel.h">
      <Filter>Header Files</Filter>
    </ClInclude>
    <ClInclude Include="$(OutDir)inc\crmf_asn1.h">
      <Filter>Header Files</Filter>
    </ClInclude>
    <ClInclude Include="$(OutDir)inc\ocsp_asn1.h">
      <Filter>Header Files</Filter>
    </ClInclude>
    <ClInclude Include="$(OutDir)inc\pkcs10_asn1.h">
      <Filter>Header Files</Filter>
    </ClInclude>
    <ClInclude Include="$(IntDir)crmf_asn1-priv.h">
      <Filter>Header Files</Filter>
    </ClInclude>
    <ClInclude Include="$(IntDir)hx509_err.h">
      <Filter>Header Files</Filter>
    </ClInclude>
    <ClInclude Include="$(IntDir)ocsp_asn1-priv.h">
      <Filter>Header Files</Filter>
    </ClInclude>
    <ClInclude Include="$(IntDir)pkcs10_asn1-priv.h">
      <Filter>Header Files</Filter>
    </ClInclude>
  </ItemGroup>
  <ItemGroup>
    <ASN1File Include="lib\hx509\crmf.asn1">
      <Filter>Generierte Dateien</Filter>
    </ASN1File>
    <ASN1File Include="lib\hx509\pkcs10.asn1">
      <Filter>Generierte Dateien</Filter>
    </ASN1File>
    <ASN1File Include="lib\hx509\ocsp.asn1">
      <Filter>Generierte Dateien</Filter>
    </ASN1File>
  </ItemGroup>
  <ItemGroup>
    <CustomBuild Include="$(IntDir)hx509-private.h">
      <Filter>Generierte Dateien</Filter>
    </CustomBuild>
    <CustomBuild Include="$(IntDir)hx509-protos.h">
      <Filter>Generierte Dateien</Filter>
    </CustomBuild>
  </ItemGroup>
  <ItemGroup>
    <ErrorTable Include="lib\hx509\hx509_err.et">
      <Filter>Generierte Dateien</Filter>
    </ErrorTable>
  </ItemGroup>
  <ItemGroup>
    <YaccFile Include="lib\hx509\sel-gram.y">
      <Filter>Generierte Dateien</Filter>
    </YaccFile>
  </ItemGroup>
  <ItemGroup>
    <LexFile Include="lib\hx509\sel-lex.l">
      <Filter>Generierte Dateien</Filter>
    </LexFile>
  </ItemGroup>
</Project>