<?xml version="1.0" encoding="utf-8"?>
<Project ToolsVersion="4.0" xmlns="http://schemas.microsoft.com/developer/msbuild/2003">
  <ItemGroup>
    <Filter Include="Quelldateien">
      <UniqueIdentifier>{4FC737F1-C7A5-4376-A066-2A32D752A2FF}</UniqueIdentifier>
      <Extensions>cpp;c;cc;cxx;def;odl;idl;hpj;bat;asm;asmx</Extensions>
    </Filter>
    <Filter Include="Headerdateien">
      <UniqueIdentifier>{93995380-89BD-4b04-88EB-625FBE52EBFB}</UniqueIdentifier>
      <Extensions>h;hh;hpp;hxx;hm;inl;inc;ipp;xsd</Extensions>
    </Filter>
    <Filter Include="Ressourcendateien">
      <UniqueIdentifier>{67DA6AB6-F800-4c08-8B7A-83BB121AAD01}</UniqueIdentifier>
      <Extensions>rc;ico;cur;bmp;dlg;rc2;rct;bin;rgs;gif;jpg;jpeg;jpe;resx;tiff;tif;png;wav;mfcribbon-ms</Extensions>
    </Filter>
    <Filter Include="Generierte Dateien">
      <UniqueIdentifier>{63bd6663-f238-4ba6-8e8e-50cd4fb24ce2}</UniqueIdentifier>
      <Extensions>in;et</Extensions>
    </Filter>
  </ItemGroup>
  <ItemGroup>
    <ClCompile Include="lib\krb5\acache.c">
      <Filter>Quelldateien</Filter>
    </ClCompile>
    <ClCompile Include="lib\krb5\acl.c">
      <Filter>Quelldateien</Filter>
    </ClCompile>
    <ClCompile Include="lib\krb5\add_et_list.c">
      <Filter>Quelldateien</Filter>
    </ClCompile>
    <ClCompile Include="lib\krb5\addr_families.c">
      <Filter>Quelldateien</Filter>
    </ClCompile>
    <ClCompile Include="lib\krb5\aname_to_localname.c">
      <Filter>Quelldateien</Filter>
    </ClCompile>
    <ClCompile Include="lib\krb5\appdefault.c">
      <Filter>Quelldateien</Filter>
    </ClCompile>
    <ClCompile Include="lib\krb5\asn1_glue.c">
      <Filter>Quelldateien</Filter>
    </ClCompile>
    <ClCompile Include="lib\krb5\auth_context.c">
      <Filter>Quelldateien</Filter>
    </ClCompile>
    <ClCompile Include="lib\krb5\build_ap_req.c">
      <Filter>Quelldateien</Filter>
    </ClCompile>
    <ClCompile Include="lib\krb5\build_auth.c">
      <Filter>Quelldateien</Filter>
    </ClCompile>
    <ClCompile Include="lib\krb5\cache.c">
      <Filter>Quelldateien</Filter>
    </ClCompile>
    <ClCompile Include="lib\krb5\changepw.c">
      <Filter>Quelldateien</Filter>
    </ClCompile>
    <ClCompile Include="lib\krb5\codec.c">
      <Filter>Quelldateien</Filter>
    </ClCompile>
    <ClCompile Include="lib\krb5\config_file.c">
      <Filter>Quelldateien</Filter>
    </ClCompile>
    <ClCompile Include="lib\krb5\config_reg.c">
      <Filter>Quelldateien</Filter>
    </ClCompile>
    <ClCompile Include="lib\krb5\constants.c">
      <Filter>Quelldateien</Filter>
    </ClCompile>
    <ClCompile Include="lib\krb5\context.c">
      <Filter>Quelldateien</Filter>
    </ClCompile>
    <ClCompile Include="lib\krb5\convert_creds.c">
      <Filter>Quelldateien</Filter>
    </ClCompile>
    <ClCompile Include="lib\krb5\copy_host_realm.c">
      <Filter>Quelldateien</Filter>
    </ClCompile>
    <ClCompile Include="lib\krb5\crc.c">
      <Filter>Quelldateien</Filter>
    </ClCompile>
    <ClCompile Include="lib\krb5\creds.c">
      <Filter>Quelldateien</Filter>
    </ClCompile>
    <ClCompile Include="lib\krb5\crypto.c">
      <Filter>Quelldateien</Filter>
    </ClCompile>
    <ClCompile Include="lib\krb5\crypto-aes-sha1.c">
      <Filter>Quelldateien</Filter>
    </ClCompile>
    <ClCompile Include="lib\krb5\crypto-aes-sha2.c">
      <Filter>Quelldateien</Filter>
    </ClCompile>
    <ClCompile Include="lib\krb5\crypto-algs.c">
      <Filter>Quelldateien</Filter>
    </ClCompile>
    <ClCompile Include="lib\krb5\crypto-arcfour.c">
      <Filter>Quelldateien</Filter>
    </ClCompile>
    <ClCompile Include="lib\krb5\crypto-des.c">
      <Filter>Quelldateien</Filter>
    </ClCompile>
    <ClCompile Include="lib\krb5\crypto-des3.c">
      <Filter>Quelldateien</Filter>
    </ClCompile>
    <ClCompile Include="lib\krb5\crypto-des-common.c">
      <Filter>Quelldateien</Filter>
    </ClCompile>
    <ClCompile Include="lib\krb5\crypto-evp.c">
      <Filter>Quelldateien</Filter>
    </ClCompile>
    <ClCompile Include="lib\krb5\crypto-null.c">
      <Filter>Quelldateien</Filter>
    </ClCompile>
    <ClCompile Include="lib\krb5\crypto-pk.c">
      <Filter>Quelldateien</Filter>
    </ClCompile>
    <ClCompile Include="lib\krb5\crypto-rand.c">
      <Filter>Quelldateien</Filter>
    </ClCompile>
    <ClCompile Include="lib\krb5\data.c">
      <Filter>Quelldateien</Filter>
    </ClCompile>
    <ClCompile Include="lib\krb5\db_plugin.c">
      <Filter>Quelldateien</Filter>
    </ClCompile>
    <ClCompile Include="lib\krb5\dcache.c">
      <Filter>Quelldateien</Filter>
    </ClCompile>
    <ClCompile Include="lib\krb5\deprecated.c">
      <Filter>Quelldateien</Filter>
    </ClCompile>
    <ClCompile Include="lib\krb5\digest.c">
      <Filter>Quelldateien</Filter>
    </ClCompile>
    <ClCompile Include="lib\krb5\dll.c">
      <Filter>Quelldateien</Filter>
    </ClCompile>
    <ClCompile Include="lib\krb5\eai_to_heim_errno.c">
      <Filter>Quelldateien</Filter>
    </ClCompile>
    <ClCompile Include="lib\krb5\enomem.c">
      <Filter>Quelldateien</Filter>
    </ClCompile>
    <ClCompile Include="lib\krb5\error_string.c">
      <Filter>Quelldateien</Filter>
    </ClCompile>
    <ClCompile Include="lib\krb5\expand_hostname.c">
      <Filter>Quelldateien</Filter>
    </ClCompile>
    <ClCompile Include="lib\krb5\expand_path.c">
      <Filter>Quelldateien</Filter>
    </ClCompile>
    <ClCompile Include="lib\krb5\fast.c">
      <Filter>Quelldateien</Filter>
    </ClCompile>
    <ClCompile Include="lib\krb5\fcache.c">
      <Filter>Quelldateien</Filter>
    </ClCompile>
    <ClCompile Include="lib\krb5\free.c">
      <Filter>Quelldateien</Filter>
    </ClCompile>
    <ClCompile Include="lib\krb5\free_host_realm.c">
      <Filter>Quelldateien</Filter>
    </ClCompile>
    <ClCompile Include="lib\krb5\generate_seq_number.c">
      <Filter>Quelldateien</Filter>
    </ClCompile>
    <ClCompile Include="lib\krb5\generate_subkey.c">
      <Filter>Quelldateien</Filter>
    </ClCompile>
    <ClCompile Include="lib\krb5\get_addrs.c">
      <Filter>Quelldateien</Filter>
    </ClCompile>
    <ClCompile Include="lib\krb5\get_cred.c">
      <Filter>Quelldateien</Filter>
    </ClCompile>
    <ClCompile Include="lib\krb5\get_default_principal.c">
      <Filter>Quelldateien</Filter>
    </ClCompile>
    <ClCompile Include="lib\krb5\get_default_realm.c">
      <Filter>Quelldateien</Filter>
    </ClCompile>
    <ClCompile Include="lib\krb5\get_for_creds.c">
      <Filter>Quelldateien</Filter>
    </ClCompile>
    <ClCompile Include="lib\krb5\get_host_realm.c">
      <Filter>Quelldateien</Filter>
    </ClCompile>
    <ClCompile Include="lib\krb5\get_in_tkt.c">
      <Filter>Quelldateien</Filter>
    </ClCompile>
    <ClCompile Include="lib\krb5\get_port.c">
      <Filter>Quelldateien</Filter>
    </ClCompile>
    <ClCompile Include="lib\krb5\init_creds.c">
      <Filter>Quelldateien</Filter>
    </ClCompile>
    <ClCompile Include="lib\krb5\init_creds_pw.c">
      <Filter>Quelldateien</Filter>
    </ClCompile>
    <ClCompile Include="lib\krb5\kcm.c">
      <Filter>Quelldateien</Filter>
    </ClCompile>
    <ClCompile Include="lib\krb5\keyblock.c">
      <Filter>Quelldateien</Filter>
    </ClCompile>
    <ClCompile Include="lib\krb5\keytab.c">
      <Filter>Quelldateien</Filter>
    </ClCompile>
    <ClCompile Include="lib\krb5\keytab_any.c">
      <Filter>Quelldateien</Filter>
    </ClCompile>
    <ClCompile Include="lib\krb5\keytab_file.c">
      <Filter>Quelldateien</Filter>
    </ClCompile>
    <ClCompile Include="lib\krb5\keytab_keyfile.c">
      <Filter>Quelldateien</Filter>
    </ClCompile>
    <ClCompile Include="lib\krb5\keytab_memory.c">
      <Filter>Quelldateien</Filter>
    </ClCompile>
    <ClCompile Include="lib\krb5\krbhst.c">
      <Filter>Quelldateien</Filter>
    </ClCompile>
    <ClCompile Include="lib\krb5\kuserok.c">
      <Filter>Quelldateien</Filter>
    </ClCompile>
    <ClCompile Include="lib\krb5\log.c">
      <Filter>Quelldateien</Filter>
    </ClCompile>
    <ClCompile Include="lib\krb5\mcache.c">
      <Filter>Quelldateien</Filter>
    </ClCompile>
    <ClCompile Include="lib\krb5\misc.c">
      <Filter>Quelldateien</Filter>
    </ClCompile>
    <ClCompile Include="lib\krb5\mit_glue.c">
      <Filter>Quelldateien</Filter>
    </ClCompile>
    <ClCompile Include="lib\krb5\mk_error.c">
      <Filter>Quelldateien</Filter>
    </ClCompile>
    <ClCompile Include="lib\krb5\mk_priv.c">
      <Filter>Quelldateien</Filter>
    </ClCompile>
    <ClCompile Include="lib\krb5\mk_rep.c">
      <Filter>Quelldateien</Filter>
    </ClCompile>
    <ClCompile Include="lib\krb5\mk_req.c">
      <Filter>Quelldateien</Filter>
    </ClCompile>
    <ClCompile Include="lib\krb5\mk_req_ext.c">
      <Filter>Quelldateien</Filter>
    </ClCompile>
    <ClCompile Include="lib\krb5\mk_safe.c">
      <Filter>Quelldateien</Filter>
    </ClCompile>
    <ClCompile Include="lib\krb5\net_read.c">
      <Filter>Quelldateien</Filter>
    </ClCompile>
    <ClCompile Include="lib\krb5\net_write.c">
      <Filter>Quelldateien</Filter>
    </ClCompile>
    <ClCompile Include="lib\krb5\n-fold.c">
      <Filter>Quelldateien</Filter>
    </ClCompile>
    <ClCompile Include="lib\krb5\pac.c">
      <Filter>Quelldateien</Filter>
    </ClCompile>
    <ClCompile Include="lib\krb5\padata.c">
      <Filter>Quelldateien</Filter>
    </ClCompile>
    <ClCompile Include="lib\krb5\pcache.c">
      <Filter>Quelldateien</Filter>
    </ClCompile>
    <ClCompile Include="lib\krb5\pkinit.c">
      <Filter>Quelldateien</Filter>
    </ClCompile>
    <ClCompile Include="lib\krb5\pkinit-ec.c">
      <Filter>Quelldateien</Filter>
    </ClCompile>
    <ClCompile Include="lib\krb5\plugin.c">
      <Filter>Quelldateien</Filter>
    </ClCompile>
    <ClCompile Include="lib\krb5\principal.c">
      <Filter>Quelldateien</Filter>
    </ClCompile>
    <ClCompile Include="lib\krb5\prog_setup.c">
      <Filter>Quelldateien</Filter>
    </ClCompile>
    <ClCompile Include="lib\krb5\prompter_posix.c">
      <Filter>Quelldateien</Filter>
    </ClCompile>
    <ClCompile Include="lib\krb5\rd_cred.c">
      <Filter>Quelldateien</Filter>
    </ClCompile>
    <ClCompile Include="lib\krb5\rd_error.c">
      <Filter>Quelldateien</Filter>
    </ClCompile>
    <ClCompile Include="lib\krb5\rd_priv.c">
      <Filter>Quelldateien</Filter>
    </ClCompile>
    <ClCompile Include="lib\krb5\rd_rep.c">
      <Filter>Quelldateien</Filter>
    </ClCompile>
    <ClCompile Include="lib\krb5\rd_req.c">
      <Filter>Quelldateien</Filter>
    </ClCompile>
    <ClCompile Include="lib\krb5\rd_safe.c">
      <Filter>Quelldateien</Filter>
    </ClCompile>
    <ClCompile Include="lib\krb5\read_message.c">
      <Filter>Quelldateien</Filter>
    </ClCompile>
    <ClCompile Include="lib\krb5\recvauth.c">
      <Filter>Quelldateien</Filter>
    </ClCompile>
    <ClCompile Include="lib\krb5\replay.c">
      <Filter>Quelldateien</Filter>
    </ClCompile>
    <ClCompile Include="lib\krb5\salt.c">
      <Filter>Quelldateien</Filter>
    </ClCompile>
    <ClCompile Include="lib\krb5\salt-aes-sha1.c">
      <Filter>Quelldateien</Filter>
    </ClCompile>
    <ClCompile Include="lib\krb5\salt-aes-sha2.c">
      <Filter>Quelldateien</Filter>
    </ClCompile>
    <ClCompile Include="lib\krb5\salt-arcfour.c">
      <Filter>Quelldateien</Filter>
    </ClCompile>
    <ClCompile Include="lib\krb5\salt-des.c">
      <Filter>Quelldateien</Filter>
    </ClCompile>
    <ClCompile Include="lib\krb5\salt-des3.c">
      <Filter>Quelldateien</Filter>
    </ClCompile>
    <ClCompile Include="lib\krb5\scache.c">
      <Filter>Quelldateien</Filter>
    </ClCompile>
    <ClCompile Include="lib\krb5\send_to_kdc.c">
      <Filter>Quelldateien</Filter>
    </ClCompile>
    <ClCompile Include="lib\krb5\sendauth.c">
      <Filter>Quelldateien</Filter>
    </ClCompile>
    <ClCompile Include="lib\krb5\set_default_realm.c">
      <Filter>Quelldateien</Filter>
    </ClCompile>
    <ClCompile Include="lib\krb5\sock_principal.c">
      <Filter>Quelldateien</Filter>
    </ClCompile>
    <ClCompile Include="lib\krb5\sp800-108-kdf.c">
      <Filter>Quelldateien</Filter>
    </ClCompile>
    <ClCompile Include="lib\krb5\store.c">
      <Filter>Quelldateien</Filter>
    </ClCompile>
    <ClCompile Include="lib\krb5\store_emem.c">
      <Filter>Quelldateien</Filter>
    </ClCompile>
    <ClCompile Include="lib\krb5\store_fd.c">
      <Filter>Quelldateien</Filter>
    </ClCompile>
    <ClCompile Include="lib\krb5\store_mem.c">
      <Filter>Quelldateien</Filter>
    </ClCompile>
    <ClCompile Include="lib\krb5\store_sock.c">
      <Filter>Quelldateien</Filter>
    </ClCompile>
    <ClCompile Include="lib\krb5\store-int.c">
      <Filter>Quelldateien</Filter>
    </ClCompile>
    <ClCompile Include="lib\krb5\ticket.c">
      <Filter>Quelldateien</Filter>
    </ClCompile>
    <ClCompile Include="lib\krb5\time.c">
      <Filter>Quelldateien</Filter>
    </ClCompile>
    <ClCompile Include="lib\krb5\transited.c">
      <Filter>Quelldateien</Filter>
    </ClCompile>
    <ClCompile Include="lib\krb5\verify_init.c">
      <Filter>Quelldateien</Filter>
    </ClCompile>
    <ClCompile Include="lib\krb5\verify_user.c">
      <Filter>Quelldateien</Filter>
    </ClCompile>
    <ClCompile Include="lib\krb5\version.c">
      <Filter>Quelldateien</Filter>
    </ClCompile>
    <ClCompile Include="lib\krb5\warn.c">
      <Filter>Quelldateien</Filter>
    </ClCompile>
    <ClCompile Include="lib\krb5\write_message.c">
      <Filter>Quelldateien</Filter>
    </ClCompile>
    <ClCompile Include="lib\krb5\libkrb5-exports.def.in">
      <Filter>Generierte Dateien</Filter>
    </ClCompile>
    <ClCompile Include="$(IntDir)heim_err.c">
      <Filter>Quelldateien</Filter>
    </ClCompile>
    <ClCompile Include="$(IntDir)k524_err.c">
      <Filter>Quelldateien</Filter>
    </ClCompile>
    <ClCompile Include="$(IntDir)krb_err.c">
      <Filter>Quelldateien</Filter>
    </ClCompile>
    <ClCompile Include="$(IntDir)krb5_err.c">
      <Filter>Quelldateien</Filter>
    </ClCompile>
  </ItemGroup>
  <ItemGroup>
    <ClInclude Include="lib\krb5\an2ln_plugin.h">
      <Filter>Headerdateien</Filter>
    </ClInclude>
    <ClInclude Include="lib\krb5\ccache_plugin.h">
      <Filter>Headerdateien</Filter>
    </ClInclude>
    <ClInclude Include="lib\krb5\crypto.h">
      <Filter>Headerdateien</Filter>
    </ClInclude>
    <ClInclude Include="lib\krb5\db_plugin.h">
      <Filter>Headerdateien</Filter>
    </ClInclude>
    <ClInclude Include="lib\krb5\kcm.h">
      <Filter>Headerdateien</Filter>
    </ClInclude>
    <ClInclude Include="lib\krb5\krb5.h">
      <Filter>Headerdateien</Filter>
    </ClInclude>
    <ClInclude Include="lib\krb5\krb5_ccapi.h">
      <Filter>Headerdateien</Filter>
    </ClInclude>
    <ClInclude Include="lib\krb5\krb5_locl.h">
      <Filter>Headerdateien</Filter>
    </ClInclude>
    <ClInclude Include="lib\krb5\krb5-v4compat.h">
      <Filter>Headerdateien</Filter>
    </ClInclude>
    <ClInclude Include="lib\krb5\kuserok_plugin.h">
      <Filter>Headerdateien</Filter>
    </ClInclude>
    <ClInclude Include="lib\krb5\locate_plugin.h">
      <Filter>Headerdateien</Filter>
    </ClInclude>
    <ClInclude Include="lib\krb5\send_to_kdc_plugin.h">
      <Filter>Headerdateien</Filter>
    </ClInclude>
    <ClInclude Include="lib\krb5\store-int.h">
      <Filter>Headerdateien</Filter>
    </ClInclude>
    <ClInclude Include="$(IntDir)heim_err.h">
      <Filter>Headerdateien</Filter>
    </ClInclude>
    <ClInclude Include="$(IntDir)k524_err.h">
      <Filter>Headerdateien</Filter>
    </ClInclude>
    <ClInclude Include="$(IntDir)krb_err.h">
      <Filter>Headerdateien</Filter>
    </ClInclude>
    <ClInclude Include="$(IntDir)krb5_err.h">
      <Filter>Headerdateien</Filter>
    </ClInclude>
  </ItemGroup>
  <ItemGroup>
    <ResourceCompile Include="lib\krb5\verify_krb5_conf-version.rc">
      <Filter>Ressourcendateien</Filter>
    </ResourceCompile>
  </ItemGroup>
  <ItemGroup>
    <ErrorTable Include="lib\krb5\heim_err.et">
      <Filter>Generierte Dateien</Filter>
    </ErrorTable>
    <ErrorTable Include="lib\krb5\k524_err.et">
      <Filter>Generierte Dateien</Filter>
    </ErrorTable>
    <ErrorTable Include="lib\krb5\krb_err.et">
      <Filter>Generierte Dateien</Filter>
    </ErrorTable>
    <ErrorTable Include="lib\krb5\krb5_err.et">
      <Filter>Generierte Dateien</Filter>
    </ErrorTable>
  </ItemGroup>
  <ItemGroup>
    <CustomBuild Include="$(IntDir)krb5-protos.h">
      <Filter>Generierte Dateien</Filter>
    </CustomBuild>
    <CustomBuild Include="$(IntDir)krb5-private.h">
      <Filter>Generierte Dateien</Filter>
    </CustomBuild>
  </ItemGroup>
</Project>