<?xml version="1.0" encoding="utf-8"?>
<Project ToolsVersion="4.0" xmlns="http://schemas.microsoft.com/developer/msbuild/2003">
  <ItemGroup>
    <Filter Include="Source Files">
      <UniqueIdentifier>{4FC737F1-C7A5-4376-A066-2A32D752A2FF}</UniqueIdentifier>
      <Extensions>cpp;c;cc;cxx;def;odl;idl;hpj;bat;asm;asmx</Extensions>
    </Filter>
    <Filter Include="Header Files">
      <UniqueIdentifier>{93995380-89BD-4b04-88EB-625FBE52EBFB}</UniqueIdentifier>
      <Extensions>h;hh;hpp;hxx;hm;inl;inc;xsd</Extensions>
    </Filter>
    <Filter Include="Resource Files">
      <UniqueIdentifier>{67DA6AB6-F800-4c08-8B7A-83BB121AAD01}</UniqueIdentifier>
      <Extensions>rc;ico;cur;bmp;dlg;rc2;rct;bin;rgs;gif;jpg;jpeg;jpe;resx;tiff;tif;png;wav</Extensions>
    </Filter>
  </ItemGroup>
  <ItemGroup>
    <ClCompile Include="lib\roken\base64.c">
      <Filter>Source Files</Filter>
    </ClCompile>
    <ClCompile Include="lib\roken\bswap.c">
      <Filter>Source Files</Filter>
    </ClCompile>
    <ClCompile Include="lib\roken\concat.c">
      <Filter>Source Files</Filter>
    </ClCompile>
    <ClCompile Include="lib\roken\ct.c">
      <Filter>Source Files</Filter>
    </ClCompile>
    <ClCompile Include="lib\roken\detach.c">
      <Filter>Source Files</Filter>
    </ClCompile>
    <ClCompile Include="lib\roken\dirent.c">
      <Filter>Source Files</Filter>
    </ClCompile>
    <ClCompile Include="lib\roken\dlfcn_w32.c">
      <Filter>Source Files</Filter>
    </ClCompile>
    <ClCompile Include="lib\roken\dumpdata.c">
      <Filter>Source Files</Filter>
    </ClCompile>
    <ClCompile Include="lib\roken\ecalloc.c">
      <Filter>Source Files</Filter>
    </ClCompile>
    <ClCompile Include="lib\roken\emalloc.c">
      <Filter>Source Files</Filter>
    </ClCompile>
    <ClCompile Include="lib\roken\environment.c">
      <Filter>Source Files</Filter>
    </ClCompile>
    <ClCompile Include="lib\roken\eread.c">
      <Filter>Source Files</Filter>
    </ClCompile>
    <ClCompile Include="lib\roken\erealloc.c">
      <Filter>Source Files</Filter>
    </ClCompile>
    <ClCompile Include="lib\roken\err.c">
      <Filter>Source Files</Filter>
    </ClCompile>
    <ClCompile Include="lib\roken\errx.c">
      <Filter>Source Files</Filter>
    </ClCompile>
    <ClCompile Include="lib\roken\esetenv.c">
      <Filter>Source Files</Filter>
    </ClCompile>
    <ClCompile Include="lib\roken\estrdup.c">
      <Filter>Source Files</Filter>
    </ClCompile>
    <ClCompile Include="lib\roken\ewrite.c">
      <Filter>Source Files</Filter>
    </ClCompile>
    <ClCompile Include="lib\roken\flock.c">
      <Filter>Source Files</Filter>
    </ClCompile>
    <ClCompile Include="lib\roken\fnmatch.c">
      <Filter>Source Files</Filter>
    </ClCompile>
    <ClCompile Include="lib\roken\getaddrinfo_hostspec.c">
      <Filter>Source Files</Filter>
    </ClCompile>
    <ClCompile Include="lib\roken\getarg.c">
      <Filter>Source Files</Filter>
    </ClCompile>
    <ClCompile Include="lib\roken\getifaddrs_w32.c">
      <Filter>Source Files</Filter>
    </ClCompile>
    <ClCompile Include="lib\roken\getnameinfo_verified.c">
      <Filter>Source Files</Filter>
    </ClCompile>
    <ClCompile Include="lib\roken\getopt.c">
      <Filter>Source Files</Filter>
    </ClCompile>
    <ClCompile Include="lib\roken\getprogname.c">
      <Filter>Source Files</Filter>
    </ClCompile>
    <ClCompile Include="lib\roken\gettimeofday.c">
      <Filter>Source Files</Filter>
    </ClCompile>
    <ClCompile Include="lib\roken\get_default_username.c">
      <Filter>Source Files</Filter>
    </ClCompile>
    <ClCompile Include="lib\roken\get_window_size.c">
      <Filter>Source Files</Filter>
    </ClCompile>
    <ClCompile Include="lib\roken\hex.c">
      <Filter>Source Files</Filter>
    </ClCompile>
    <ClCompile Include="lib\roken\hostent_find_fqdn.c">
      <Filter>Source Files</Filter>
    </ClCompile>
    <ClCompile Include="lib\roken\inet_aton.c">
      <Filter>Source Files</Filter>
    </ClCompile>
    <ClCompile Include="lib\roken\inet_ntop.c">
      <Filter>Source Files</Filter>
    </ClCompile>
    <ClCompile Include="lib\roken\inet_pton.c">
      <Filter>Source Files</Filter>
    </ClCompile>
    <ClCompile Include="lib\roken\issuid.c">
      <Filter>Source Files</Filter>
    </ClCompile>
    <ClCompile Include="lib\roken\localtime_r.c">
      <Filter>Source Files</Filter>
    </ClCompile>
    <ClCompile Include="lib\roken\lstat.c">
      <Filter>Source Files</Filter>
    </ClCompile>
    <ClCompile Include="lib\roken\memset_s.c">
      <Filter>Source Files</Filter>
    </ClCompile>
    <ClCompile Include="lib\roken\mini_inetd.c">
      <Filter>Source Files</Filter>
    </ClCompile>
    <ClCompile Include="lib\roken\mkdir.c">
      <Filter>Source Files</Filter>
    </ClCompile>
    <ClCompile Include="lib\roken\mkstemp.c">
      <Filter>Source Files</Filter>
    </ClCompile>
    <ClCompile Include="lib\roken\net_read.c">
      <Filter>Source Files</Filter>
    </ClCompile>
    <ClCompile Include="lib\roken\net_write.c">
      <Filter>Source Files</Filter>
    </ClCompile>
    <ClCompile Include="lib\roken\parse_bytes.c">
      <Filter>Source Files</Filter>
    </ClCompile>
    <ClCompile Include="lib\roken\parse_time.c">
      <Filter>Source Files</Filter>
    </ClCompile>
    <ClCompile Include="lib\roken\parse_units.c">
      <Filter>Source Files</Filter>
    </ClCompile>
    <ClCompile Include="lib\roken\rand.c">
      <Filter>Source Files</Filter>
    </ClCompile>
    <ClCompile Include="lib\roken\realloc.c">
      <Filter>Source Files</Filter>
    </ClCompile>
    <ClCompile Include="lib\roken\rename.c">
      <Filter>Source Files</Filter>
    </ClCompile>
    <ClCompile Include="lib\roken\resolve.c">
      <Filter>Source Files</Filter>
    </ClCompile>
    <ClCompile Include="lib\roken\roken_gethostby.c">
      <Filter>Source Files</Filter>
    </ClCompile>
    <ClCompile Include="lib\roken\rtbl.c">
      <Filter>Source Files</Filter>
    </ClCompile>
    <ClCompile Include="lib\roken\sendmsg.c">
      <Filter>Source Files</Filter>
    </ClCompile>
    <ClCompile Include="lib\roken\setenv.c">
      <Filter>Source Files</Filter>
    </ClCompile>
    <ClCompile Include="lib\roken\setprogname.c">
      <Filter>Source Files</Filter>
    </ClCompile>
    <ClCompile Include="lib\roken\simple_exec_w32.c">
      <Filter>Source Files</Filter>
    </ClCompile>
    <ClCompile Include="lib\roken\sleep.c">
      <Filter>Source Files</Filter>
    </ClCompile>
    <ClCompile Include="lib\roken\snprintf.c">
      <Filter>Source Files</Filter>
    </ClCompile>
    <ClCompile Include="lib\roken\socket.c">
      <Filter>Source Files</Filter>
    </ClCompile>
    <ClCompile Include="lib\roken\sockstartup_w32.c">
      <Filter>Source Files</Filter>
    </ClCompile>
    <ClCompile Include="lib\roken\strcollect.c">
      <Filter>Source Files</Filter>
    </ClCompile>
    <ClCompile Include="lib\roken\strerror_r.c">
      <Filter>Source Files</Filter>
    </ClCompile>
    <ClCompile Include="lib\roken\strlcat.c">
      <Filter>Source Files</Filter>
    </ClCompile>
    <ClCompile Include="lib\roken\strlcpy.c">
      <Filter>Source Files</Filter>
    </ClCompile>
    <ClCompile Include="lib\roken\strndup.c">
      <Filter>Source Files</Filter>
    </ClCompile>
    <ClCompile Include="lib\roken\strpool.c">
      <Filter>Source Files</Filter>
    </ClCompile>
    <ClCompile Include="lib\roken\strptime.c">
      <Filter>Source Files</Filter>
    </ClCompile>
    <ClCompile Include="lib\roken\strsep.c">
      <Filter>Source Files</Filter>
    </ClCompile>
    <ClCompile Include="lib\roken\strsep_copy.c">
      <Filter>Source Files</Filter>
    </ClCompile>
    <ClCompile Include="lib\roken\strtok_r.c">
      <Filter>Source Files</Filter>
    </ClCompile>
    <ClCompile Include="lib\roken\strtoll.c">
      <Filter>Source Files</Filter>
    </ClCompile>
    <ClCompile Include="lib\roken\strtoull.c">
      <Filter>Source Files</Filter>
    </ClCompile>
    <ClCompile Include="lib\roken\syslogc.c">
      <Filter>Source Files</Filter>
    </ClCompile>
    <ClCompile Include="lib\roken\timegm.c">
      <Filter>Source Files</Filter>
    </ClCompile>
    <ClCompile Include="lib\roken\timeval.c">
      <Filter>Source Files</Filter>
    </ClCompile>
    <ClCompile Include="lib\roken\tm2time.c">
      <Filter>Source Files</Filter>
    </ClCompile>
    <ClCompile Include="lib\roken\tsearch.c">
      <Filter>Source Files</Filter>
    </ClCompile>
    <ClCompile Include="lib\roken\unvis.c">
      <Filter>Source Files</Filter>
    </ClCompile>
    <ClCompile Include="lib\roken\verr.c">
      <Filter>Source Files</Filter>
    </ClCompile>
    <ClCompile Include="lib\roken\verrx.c">
      <Filter>Source Files</Filter>
    </ClCompile>
    <ClCompile Include="lib\roken\vis.c">
      <Filter>Source Files</Filter>
    </ClCompile>
    <ClCompile Include="lib\roken\vwarn.c">
      <Filter>Source Files</Filter>
    </ClCompile>
    <ClCompile Include="lib\roken\vwarnx.c">
      <Filter>Source Files</Filter>
    </ClCompile>
    <ClCompile Include="lib\roken\warn.c">
      <Filter>Source Files</Filter>
    </ClCompile>
    <ClCompile Include="lib\roken\warnerr.c">
      <Filter>Source Files</Filter>
    </ClCompile>
    <ClCompile Include="lib\roken\warnx.c">
      <Filter>Source Files</Filter>
    </ClCompile>
    <ClCompile Include="lib\roken\win32_alloc.c">
      <Filter>Source Files</Filter>
    </ClCompile>
    <ClCompile Include="lib\roken\writev.c">
      <Filter>Source Files</Filter>
    </ClCompile>
    <ClCompile Include="lib\roken\xfree.c">
      <Filter>Source Files</Filter>
    </ClCompile>
    <ClCompile Include="lib\roken\cloexec.c">
      <Filter>Source Files</Filter>
    </ClCompile>
  </ItemGroup>
  <ItemGroup>
    <ClInclude Include="lib\roken\base64.h">
      <Filter>Header Files</Filter>
    </ClInclude>
    <ClInclude Include="lib\roken\getarg.h">
      <Filter>Header Files</Filter>
    </ClInclude>
    <ClInclude Include="lib\roken\hex.h">
      <Filter>Header Files</Filter>
    </ClInclude>
    <ClInclude Include="lib\roken\ndbm_wrap.h">
      <Filter>Header Files</Filter>
    </ClInclude>
    <ClInclude Include="lib\roken\parse_bytes.h">
      <Filter>Header Files</Filter>
    </ClInclude>
    <ClInclude Include="lib\roken\parse_time.h">
      <Filter>Header Files</Filter>
    </ClInclude>
    <ClInclude Include="lib\roken\parse_units.h">
      <Filter>Header Files</Filter>
    </ClInclude>
    <ClInclude Include="lib\roken\resolve.h">
      <Filter>Header Files</Filter>
    </ClInclude>
    <ClInclude Include="lib\roken\roken-common.h">
      <Filter>Header Files</Filter>
    </ClInclude>
    <ClInclude Include="lib\roken\rtbl.h">
      <Filter>Header Files</Filter>
    </ClInclude>
    <ClInclude Include="lib\roken\socket_wrapper.h">
      <Filter>Header Files</Filter>
    </ClInclude>
    <ClInclude Include="lib\roken\strpftime-test.h">
      <Filter>Header Files</Filter>
    </ClInclude>
    <ClInclude Include="lib\roken\test-mem.h">
      <Filter>Header Files</Filter>
    </ClInclude>
    <ClInclude Include="lib\roken\xdbm.h">
      <Filter>Header Files</Filter>
    </ClInclude>
  </ItemGroup>
</Project>