<?xml version="1.0" encoding="utf-8"?>
<Project ToolsVersion="4.0" xmlns="http://schemas.microsoft.com/developer/msbuild/2003">
  <ItemGroup>
    <Filter Include="Source Files">
      <UniqueIdentifier>{4FC737F1-C7A5-4376-A066-2A32D752A2FF}</UniqueIdentifier>
      <Extensions>cpp;c;cc;cxx;def;odl;idl;hpj;bat;asm;asmx</Extensions>
    </Filter>
    <Filter Include="Header Files">
      <UniqueIdentifier>{93995380-89BD-4b04-88EB-625FBE52EBFB}</UniqueIdentifier>
      <Extensions>h;hh;hpp;hxx;hm;inl;inc;xsd</Extensions>
    </Filter>
    <Filter Include="Resource Files">
      <UniqueIdentifier>{67DA6AB6-F800-4c08-8B7A-83BB121AAD01}</UniqueIdentifier>
      <Extensions>rc;ico;cur;bmp;dlg;rc2;rct;bin;rgs;gif;jpg;jpeg;jpe;resx;tiff;tif;png;wav</Extensions>
    </Filter>
    <Filter Include="Generierte Dateien">
      <UniqueIdentifier>{94ce6653-e986-4fbb-9b65-6a6ce883dbcb}</UniqueIdentifier>
      <Extensions>txt;et</Extensions>
    </Filter>
  </ItemGroup>
  <ItemGroup>
    <ClCompile Include="$(IntDir)bidi_table.c">
      <Filter>Source Files</Filter>
    </ClCompile>
    <ClCompile Include="$(IntDir)combining_table.c">
      <Filter>Source Files</Filter>
    </ClCompile>
    <ClCompile Include="$(IntDir)errorlist_table.c">
      <Filter>Source Files</Filter>
    </ClCompile>
    <ClCompile Include="$(IntDir)map_table.c">
      <Filter>Source Files</Filter>
    </ClCompile>
    <ClCompile Include="$(IntDir)normalize_table.c">
      <Filter>Source Files</Filter>
    </ClCompile>
    <ClCompile Include="$(IntDir)wind_err.c">
      <Filter>Source Files</Filter>
    </ClCompile>
    <ClCompile Include="lib\wind\bidi.c">
      <Filter>Source Files</Filter>
    </ClCompile>
    <ClCompile Include="lib\wind\combining.c">
      <Filter>Source Files</Filter>
    </ClCompile>
    <ClCompile Include="lib\wind\errorlist.c">
      <Filter>Source Files</Filter>
    </ClCompile>
    <ClCompile Include="lib\wind\ldap.c">
      <Filter>Source Files</Filter>
    </ClCompile>
    <ClCompile Include="lib\wind\map.c">
      <Filter>Source Files</Filter>
    </ClCompile>
    <ClCompile Include="lib\wind\normalize.c">
      <Filter>Source Files</Filter>
    </ClCompile>
    <ClCompile Include="lib\wind\punycode.c">
      <Filter>Source Files</Filter>
    </ClCompile>
    <ClCompile Include="lib\wind\stringprep.c">
      <Filter>Source Files</Filter>
    </ClCompile>
    <ClCompile Include="lib\wind\utf8.c">
      <Filter>Source Files</Filter>
    </ClCompile>
  </ItemGroup>
  <ItemGroup>
    <ClInclude Include="$(IntDir)bidi_table.h">
      <Filter>Header Files</Filter>
    </ClInclude>
    <ClInclude Include="$(IntDir)combining_table.h">
      <Filter>Header Files</Filter>
    </ClInclude>
    <ClInclude Include="$(IntDir)errorlist_table.h">
      <Filter>Header Files</Filter>
    </ClInclude>
    <ClInclude Include="$(IntDir)map_table.h">
      <Filter>Header Files</Filter>
    </ClInclude>
    <ClInclude Include="$(IntDir)normalize_table.h">
      <Filter>Header Files</Filter>
    </ClInclude>
    <ClInclude Include="$(IntDir)wind_err.h">
      <Filter>Header Files</Filter>
    </ClInclude>
    <ClInclude Include="lib\wind\wind.h">
      <Filter>Header Files</Filter>
    </ClInclude>
    <ClInclude Include="lib\wind\windlocl.h">
      <Filter>Header Files</Filter>
    </ClInclude>
  </ItemGroup>
  <ItemGroup>
    <ErrorTable Include="lib\wind\wind_err.et">
      <Filter>Generierte Dateien</Filter>
    </ErrorTable>
  </ItemGroup>
  <ItemGroup>
    <CustomBuild Include="lib\wind\rfc3454.txt">
      <Filter>Generierte Dateien</Filter>
    </CustomBuild>
    <CustomBuild Include="lib\wind\UnicodeData.txt">
      <Filter>Generierte Dateien</Filter>
    </CustomBuild>
  </ItemGroup>
  <ItemGroup>
    <None Include="lib\wind\libwind-exports.def">
      <Filter>Source Files</Filter>
    </None>
  </ItemGroup>
</Project>